// !$*UTF8*$!
{
	archiveVersion = 1;
	classes = {
	};
	objectVersion = 51;
	objects = {

/* Begin PBXBuildFile section */
		10F40D1E3BCDE986C232C6D1 /* Pods_Nosnews.framework in Frameworks */ = {isa = PBXBuildFile; fileRef = CB497BE408C04FB95FD92C94 /* Pods_Nosnews.framework */; };
		4F13CD41242AE96C001BEA97 /* DashboardViewController.swift in Sources */ = {isa = PBXBuildFile; fileRef = 4F13CD3E242AE96C001BEA97 /* DashboardViewController.swift */; };
		4F13CD42242AE96C001BEA97 /* DashboardViewModel.swift in Sources */ = {isa = PBXBuildFile; fileRef = 4F13CD3F242AE96C001BEA97 /* DashboardViewModel.swift */; };
		4F13CD43242AE96C001BEA97 /* DashboardViewController.storyboard in Resources */ = {isa = PBXBuildFile; fileRef = 4F13CD40242AE96C001BEA97 /* DashboardViewController.storyboard */; };
		4F13CD46242AE986001BEA97 /* DashboardFlowCoordinator.swift in Sources */ = {isa = PBXBuildFile; fileRef = 4F13CD45242AE986001BEA97 /* DashboardFlowCoordinator.swift */; };
		4F13CD56242AECB8001BEA97 /* AppDIContainer.swift in Sources */ = {isa = PBXBuildFile; fileRef = 4F13CD55242AECB8001BEA97 /* AppDIContainer.swift */; };
		4F13CD58242AECC5001BEA97 /* AppConfiguration.swift in Sources */ = {isa = PBXBuildFile; fileRef = 4F13CD57242AECC5001BEA97 /* AppConfiguration.swift */; };
		4F13CD5D242AEEF4001BEA97 /* DataTransferService.swift in Sources */ = {isa = PBXBuildFile; fileRef = 4F13CD59242AEEF4001BEA97 /* DataTransferService.swift */; };
		4F13CD5E242AEEF4001BEA97 /* NetworkService.swift in Sources */ = {isa = PBXBuildFile; fileRef = 4F13CD5A242AEEF4001BEA97 /* NetworkService.swift */; };
		4F13CD5F242AEEF4001BEA97 /* Endpoint.swift in Sources */ = {isa = PBXBuildFile; fileRef = 4F13CD5B242AEEF4001BEA97 /* Endpoint.swift */; };
		4F13CD60242AEEF4001BEA97 /* NetworkConfig.swift in Sources */ = {isa = PBXBuildFile; fileRef = 4F13CD5C242AEEF4001BEA97 /* NetworkConfig.swift */; };
		4F13CD62242AF036001BEA97 /* FlowCoordinatorFactory.swift in Sources */ = {isa = PBXBuildFile; fileRef = 4F13CD61242AF036001BEA97 /* FlowCoordinatorFactory.swift */; };
		4F13CD64242AF082001BEA97 /* AppFlowCoordinator.swift in Sources */ = {isa = PBXBuildFile; fileRef = 4F13CD63242AF082001BEA97 /* AppFlowCoordinator.swift */; };
		4F13CD66242AF889001BEA97 /* AppDIContainer+DashboardFlowCoorindatorFactory.swift in Sources */ = {isa = PBXBuildFile; fileRef = 4F13CD65242AF889001BEA97 /* AppDIContainer+DashboardFlowCoorindatorFactory.swift */; };
		4F13CD6B242AFB05001BEA97 /* NewsAPIEndpoint.swift in Sources */ = {isa = PBXBuildFile; fileRef = 4F13CD6A242AFB05001BEA97 /* NewsAPIEndpoint.swift */; };
		4F13CD6E242AFB48001BEA97 /* Article.swift in Sources */ = {isa = PBXBuildFile; fileRef = 4F13CD6D242AFB48001BEA97 /* Article.swift */; };
		4F13CD70242AFBB9001BEA97 /* ArticlePage.swift in Sources */ = {isa = PBXBuildFile; fileRef = 4F13CD6F242AFBB9001BEA97 /* ArticlePage.swift */; };
		4F13CD72242AFBF8001BEA97 /* Article+DTOMapping.swift in Sources */ = {isa = PBXBuildFile; fileRef = 4F13CD71242AFBF8001BEA97 /* Article+DTOMapping.swift */; };
		4F13CD74242B00DC001BEA97 /* ArticlesRepository.swift in Sources */ = {isa = PBXBuildFile; fileRef = 4F13CD73242B00DC001BEA97 /* ArticlesRepository.swift */; };
		4F13CD77242B012E001BEA97 /* Cancellable.swift in Sources */ = {isa = PBXBuildFile; fileRef = 4F13CD76242B012E001BEA97 /* Cancellable.swift */; };
		4F13CD79242B01AF001BEA97 /* DefaultArticlesRepository.swift in Sources */ = {isa = PBXBuildFile; fileRef = 4F13CD78242B01AF001BEA97 /* DefaultArticlesRepository.swift */; };
		4F13CD7C242B0DAC001BEA97 /* AppDIContainer+Repository.swift in Sources */ = {isa = PBXBuildFile; fileRef = 4F13CD7B242B0DAC001BEA97 /* AppDIContainer+Repository.swift */; };
		4F13CD7F242B0E6D001BEA97 /* DIRepositoryFactory.swift in Sources */ = {isa = PBXBuildFile; fileRef = 4F13CD7E242B0E6D001BEA97 /* DIRepositoryFactory.swift */; };
		4F13CD81242B0F2D001BEA97 /* DIUseCaseFactory.swift in Sources */ = {isa = PBXBuildFile; fileRef = 4F13CD80242B0F2D001BEA97 /* DIUseCaseFactory.swift */; };
		4F13CD83242B0F64001BEA97 /* AppDIContainer+UseCase.swift in Sources */ = {isa = PBXBuildFile; fileRef = 4F13CD82242B0F64001BEA97 /* AppDIContainer+UseCase.swift */; };
		4F13CD85242B0FA2001BEA97 /* FetchTopHeadlineArticlesUseCase.swift in Sources */ = {isa = PBXBuildFile; fileRef = 4F13CD84242B0FA2001BEA97 /* FetchTopHeadlineArticlesUseCase.swift */; };
		4F13CD8C242B115A001BEA97 /* NewsDashboardViewController.swift in Sources */ = {isa = PBXBuildFile; fileRef = 4F13CD89242B115A001BEA97 /* NewsDashboardViewController.swift */; };
		4F13CD8D242B115A001BEA97 /* NewsDashboardViewModel.swift in Sources */ = {isa = PBXBuildFile; fileRef = 4F13CD8A242B115A001BEA97 /* NewsDashboardViewModel.swift */; };
		4F13CD8E242B115A001BEA97 /* NewsDashboardViewController.storyboard in Resources */ = {isa = PBXBuildFile; fileRef = 4F13CD8B242B115A001BEA97 /* NewsDashboardViewController.storyboard */; };
		4F13CD90242B1369001BEA97 /* StoryboardInstantiable.swift in Sources */ = {isa = PBXBuildFile; fileRef = 4F13CD8F242B1369001BEA97 /* StoryboardInstantiable.swift */; };
		4F13CD92242B1372001BEA97 /* Observable.swift in Sources */ = {isa = PBXBuildFile; fileRef = 4F13CD91242B1372001BEA97 /* Observable.swift */; };
		4F13CD96242B1476001BEA97 /* MoviesDashboardViewController.swift in Sources */ = {isa = PBXBuildFile; fileRef = 4F13CD93242B1476001BEA97 /* MoviesDashboardViewController.swift */; };
		4F13CD97242B1476001BEA97 /* MoviesDashboardViewModel.swift in Sources */ = {isa = PBXBuildFile; fileRef = 4F13CD94242B1476001BEA97 /* MoviesDashboardViewModel.swift */; };
		4F13CD98242B1476001BEA97 /* MoviesDashboardViewController.storyboard in Resources */ = {isa = PBXBuildFile; fileRef = 4F13CD95242B1476001BEA97 /* MoviesDashboardViewController.storyboard */; };
		4F13CD9C242B2555001BEA97 /* SearchDashboardViewController.swift in Sources */ = {isa = PBXBuildFile; fileRef = 4F13CD99242B2555001BEA97 /* SearchDashboardViewController.swift */; };
		4F13CD9D242B2555001BEA97 /* SearchDashboardViewModel.swift in Sources */ = {isa = PBXBuildFile; fileRef = 4F13CD9A242B2555001BEA97 /* SearchDashboardViewModel.swift */; };
		4F13CD9E242B2555001BEA97 /* SearchDashboardViewController.storyboard in Resources */ = {isa = PBXBuildFile; fileRef = 4F13CD9B242B2555001BEA97 /* SearchDashboardViewController.storyboard */; };
		4F13CDA2242B3330001BEA97 /* ArticleSearchDashboardTableViewCell.swift in Sources */ = {isa = PBXBuildFile; fileRef = 4F13CDA0242B3330001BEA97 /* ArticleSearchDashboardTableViewCell.swift */; };
		4F13CDA3242B3330001BEA97 /* ArticleSearchDashboardTableViewCell.xib in Resources */ = {isa = PBXBuildFile; fileRef = 4F13CDA1242B3330001BEA97 /* ArticleSearchDashboardTableViewCell.xib */; };
		4FF6D8FD242F132300BB8F17 /* Date.swift in Sources */ = {isa = PBXBuildFile; fileRef = 4FF6D8F8242F132300BB8F17 /* Date.swift */; };
		4FF6D8FE242F132300BB8F17 /* UIView.swift in Sources */ = {isa = PBXBuildFile; fileRef = 4FF6D8F9242F132300BB8F17 /* UIView.swift */; };
		4FF6D8FF242F132300BB8F17 /* UIColor.swift in Sources */ = {isa = PBXBuildFile; fileRef = 4FF6D8FA242F132300BB8F17 /* UIColor.swift */; };
		4FF6D900242F132300BB8F17 /* UIImage.swift in Sources */ = {isa = PBXBuildFile; fileRef = 4FF6D8FB242F132300BB8F17 /* UIImage.swift */; };
		4FF6D901242F132300BB8F17 /* UILabel.swift in Sources */ = {isa = PBXBuildFile; fileRef = 4FF6D8FC242F132300BB8F17 /* UILabel.swift */; };
		4FF6D905242F202900BB8F17 /* Source+DTOMapping.swift in Sources */ = {isa = PBXBuildFile; fileRef = 4FF6D904242F202900BB8F17 /* Source+DTOMapping.swift */; };
		4FF6D907242F20BF00BB8F17 /* Source.swift in Sources */ = {isa = PBXBuildFile; fileRef = 4FF6D906242F20BF00BB8F17 /* Source.swift */; };
		4FF6D909242F2A0900BB8F17 /* SourcesRepository.swift in Sources */ = {isa = PBXBuildFile; fileRef = 4FF6D908242F2A0900BB8F17 /* SourcesRepository.swift */; };
		4FF6D90B242F2A1C00BB8F17 /* DefaultSourcesRepository.swift in Sources */ = {isa = PBXBuildFile; fileRef = 4FF6D90A242F2A1C00BB8F17 /* DefaultSourcesRepository.swift */; };
		4FF6D90D242F2A7F00BB8F17 /* ArticleSource.swift in Sources */ = {isa = PBXBuildFile; fileRef = 4FF6D90C242F2A7F00BB8F17 /* ArticleSource.swift */; };
		4FF6D910242F2BF600BB8F17 /* SourcePage.swift in Sources */ = {isa = PBXBuildFile; fileRef = 4FF6D90F242F2BF600BB8F17 /* SourcePage.swift */; };
		4FF6D913242F2EB400BB8F17 /* FetchSourcesUseCase.swift in Sources */ = {isa = PBXBuildFile; fileRef = 4FF6D912242F2EB400BB8F17 /* FetchSourcesUseCase.swift */; };
		C624E7FD232C8B75006FF254 /* colors.txt in Resources */ = {isa = PBXBuildFile; fileRef = C624E7FC232C8B75006FF254 /* colors.txt */; };
		C6354181231804DE00CF7120 /* Constant.swift in Sources */ = {isa = PBXBuildFile; fileRef = C6354180231804DE00CF7120 /* Constant.swift */; };
		C6425A8C23154476008D21B1 /* AppDelegate.swift in Sources */ = {isa = PBXBuildFile; fileRef = C6425A8B23154476008D21B1 /* AppDelegate.swift */; };
		C6425A9423154476008D21B1 /* Nosnews.xcdatamodeld in Sources */ = {isa = PBXBuildFile; fileRef = C6425A9223154476008D21B1 /* Nosnews.xcdatamodeld */; };
		C6425A9623154478008D21B1 /* Assets.xcassets in Resources */ = {isa = PBXBuildFile; fileRef = C6425A9523154478008D21B1 /* Assets.xcassets */; };
		C6425A9923154478008D21B1 /* LaunchScreen.storyboard in Resources */ = {isa = PBXBuildFile; fileRef = C6425A9723154478008D21B1 /* LaunchScreen.storyboard */; };
		C6425AAC231550E2008D21B1 /* NunitoSans-Italic.ttf in Resources */ = {isa = PBXBuildFile; fileRef = C6425AA8231550E2008D21B1 /* NunitoSans-Italic.ttf */; };
		C6425AAD231550E2008D21B1 /* NunitoSans-BoldItalic.ttf in Resources */ = {isa = PBXBuildFile; fileRef = C6425AA9231550E2008D21B1 /* NunitoSans-BoldItalic.ttf */; };
		C6425AAE231550E2008D21B1 /* NunitoSans-Regular.ttf in Resources */ = {isa = PBXBuildFile; fileRef = C6425AAA231550E2008D21B1 /* NunitoSans-Regular.ttf */; };
		C6425AAF231550E2008D21B1 /* NunitoSans-Bold.ttf in Resources */ = {isa = PBXBuildFile; fileRef = C6425AAB231550E2008D21B1 /* NunitoSans-Bold.ttf */; };
		C6425AC6231569AF008D21B1 /* Resources.swift in Sources */ = {isa = PBXBuildFile; fileRef = C6425AC5231569AF008D21B1 /* Resources.swift */; };
/* End PBXBuildFile section */

/* Begin PBXFileReference section */
		4F13CD3E242AE96C001BEA97 /* DashboardViewController.swift */ = {isa = PBXFileReference; lastKnownFileType = sourcecode.swift; path = DashboardViewController.swift; sourceTree = "<group>"; };
		4F13CD3F242AE96C001BEA97 /* DashboardViewModel.swift */ = {isa = PBXFileReference; lastKnownFileType = sourcecode.swift; path = DashboardViewModel.swift; sourceTree = "<group>"; };
		4F13CD40242AE96C001BEA97 /* DashboardViewController.storyboard */ = {isa = PBXFileReference; lastKnownFileType = file.storyboard; path = DashboardViewController.storyboard; sourceTree = "<group>"; };
		4F13CD45242AE986001BEA97 /* DashboardFlowCoordinator.swift */ = {isa = PBXFileReference; lastKnownFileType = sourcecode.swift; path = DashboardFlowCoordinator.swift; sourceTree = "<group>"; };
		4F13CD55242AECB8001BEA97 /* AppDIContainer.swift */ = {isa = PBXFileReference; lastKnownFileType = sourcecode.swift; path = AppDIContainer.swift; sourceTree = "<group>"; };
		4F13CD57242AECC5001BEA97 /* AppConfiguration.swift */ = {isa = PBXFileReference; lastKnownFileType = sourcecode.swift; path = AppConfiguration.swift; sourceTree = "<group>"; };
		4F13CD59242AEEF4001BEA97 /* DataTransferService.swift */ = {isa = PBXFileReference; lastKnownFileType = sourcecode.swift; path = DataTransferService.swift; sourceTree = "<group>"; };
		4F13CD5A242AEEF4001BEA97 /* NetworkService.swift */ = {isa = PBXFileReference; lastKnownFileType = sourcecode.swift; path = NetworkService.swift; sourceTree = "<group>"; };
		4F13CD5B242AEEF4001BEA97 /* Endpoint.swift */ = {isa = PBXFileReference; lastKnownFileType = sourcecode.swift; path = Endpoint.swift; sourceTree = "<group>"; };
		4F13CD5C242AEEF4001BEA97 /* NetworkConfig.swift */ = {isa = PBXFileReference; lastKnownFileType = sourcecode.swift; path = NetworkConfig.swift; sourceTree = "<group>"; };
		4F13CD61242AF036001BEA97 /* FlowCoordinatorFactory.swift */ = {isa = PBXFileReference; lastKnownFileType = sourcecode.swift; path = FlowCoordinatorFactory.swift; sourceTree = "<group>"; };
		4F13CD63242AF082001BEA97 /* AppFlowCoordinator.swift */ = {isa = PBXFileReference; lastKnownFileType = sourcecode.swift; path = AppFlowCoordinator.swift; sourceTree = "<group>"; };
		4F13CD65242AF889001BEA97 /* AppDIContainer+DashboardFlowCoorindatorFactory.swift */ = {isa = PBXFileReference; lastKnownFileType = sourcecode.swift; path = "AppDIContainer+DashboardFlowCoorindatorFactory.swift"; sourceTree = "<group>"; };
		4F13CD6A242AFB05001BEA97 /* NewsAPIEndpoint.swift */ = {isa = PBXFileReference; lastKnownFileType = sourcecode.swift; path = NewsAPIEndpoint.swift; sourceTree = "<group>"; };
		4F13CD6D242AFB48001BEA97 /* Article.swift */ = {isa = PBXFileReference; lastKnownFileType = sourcecode.swift; path = Article.swift; sourceTree = "<group>"; };
		4F13CD6F242AFBB9001BEA97 /* ArticlePage.swift */ = {isa = PBXFileReference; lastKnownFileType = sourcecode.swift; path = ArticlePage.swift; sourceTree = "<group>"; };
		4F13CD71242AFBF8001BEA97 /* Article+DTOMapping.swift */ = {isa = PBXFileReference; lastKnownFileType = sourcecode.swift; path = "Article+DTOMapping.swift"; sourceTree = "<group>"; };
		4F13CD73242B00DC001BEA97 /* ArticlesRepository.swift */ = {isa = PBXFileReference; lastKnownFileType = sourcecode.swift; path = ArticlesRepository.swift; sourceTree = "<group>"; };
		4F13CD76242B012E001BEA97 /* Cancellable.swift */ = {isa = PBXFileReference; lastKnownFileType = sourcecode.swift; path = Cancellable.swift; sourceTree = "<group>"; };
		4F13CD78242B01AF001BEA97 /* DefaultArticlesRepository.swift */ = {isa = PBXFileReference; lastKnownFileType = sourcecode.swift; path = DefaultArticlesRepository.swift; sourceTree = "<group>"; };
		4F13CD7B242B0DAC001BEA97 /* AppDIContainer+Repository.swift */ = {isa = PBXFileReference; lastKnownFileType = sourcecode.swift; path = "AppDIContainer+Repository.swift"; sourceTree = "<group>"; };
		4F13CD7E242B0E6D001BEA97 /* DIRepositoryFactory.swift */ = {isa = PBXFileReference; lastKnownFileType = sourcecode.swift; path = DIRepositoryFactory.swift; sourceTree = "<group>"; };
		4F13CD80242B0F2D001BEA97 /* DIUseCaseFactory.swift */ = {isa = PBXFileReference; lastKnownFileType = sourcecode.swift; path = DIUseCaseFactory.swift; sourceTree = "<group>"; };
		4F13CD82242B0F64001BEA97 /* AppDIContainer+UseCase.swift */ = {isa = PBXFileReference; lastKnownFileType = sourcecode.swift; path = "AppDIContainer+UseCase.swift"; sourceTree = "<group>"; };
		4F13CD84242B0FA2001BEA97 /* FetchTopHeadlineArticlesUseCase.swift */ = {isa = PBXFileReference; lastKnownFileType = sourcecode.swift; path = FetchTopHeadlineArticlesUseCase.swift; sourceTree = "<group>"; };
		4F13CD89242B115A001BEA97 /* NewsDashboardViewController.swift */ = {isa = PBXFileReference; lastKnownFileType = sourcecode.swift; path = NewsDashboardViewController.swift; sourceTree = "<group>"; };
		4F13CD8A242B115A001BEA97 /* NewsDashboardViewModel.swift */ = {isa = PBXFileReference; lastKnownFileType = sourcecode.swift; path = NewsDashboardViewModel.swift; sourceTree = "<group>"; };
		4F13CD8B242B115A001BEA97 /* NewsDashboardViewController.storyboard */ = {isa = PBXFileReference; lastKnownFileType = file.storyboard; path = NewsDashboardViewController.storyboard; sourceTree = "<group>"; };
		4F13CD8F242B1369001BEA97 /* StoryboardInstantiable.swift */ = {isa = PBXFileReference; lastKnownFileType = sourcecode.swift; path = StoryboardInstantiable.swift; sourceTree = "<group>"; };
		4F13CD91242B1372001BEA97 /* Observable.swift */ = {isa = PBXFileReference; lastKnownFileType = sourcecode.swift; path = Observable.swift; sourceTree = "<group>"; };
		4F13CD93242B1476001BEA97 /* MoviesDashboardViewController.swift */ = {isa = PBXFileReference; lastKnownFileType = sourcecode.swift; path = MoviesDashboardViewController.swift; sourceTree = "<group>"; };
		4F13CD94242B1476001BEA97 /* MoviesDashboardViewModel.swift */ = {isa = PBXFileReference; lastKnownFileType = sourcecode.swift; path = MoviesDashboardViewModel.swift; sourceTree = "<group>"; };
		4F13CD95242B1476001BEA97 /* MoviesDashboardViewController.storyboard */ = {isa = PBXFileReference; lastKnownFileType = file.storyboard; path = MoviesDashboardViewController.storyboard; sourceTree = "<group>"; };
		4F13CD99242B2555001BEA97 /* SearchDashboardViewController.swift */ = {isa = PBXFileReference; lastKnownFileType = sourcecode.swift; path = SearchDashboardViewController.swift; sourceTree = "<group>"; };
		4F13CD9A242B2555001BEA97 /* SearchDashboardViewModel.swift */ = {isa = PBXFileReference; lastKnownFileType = sourcecode.swift; path = SearchDashboardViewModel.swift; sourceTree = "<group>"; };
		4F13CD9B242B2555001BEA97 /* SearchDashboardViewController.storyboard */ = {isa = PBXFileReference; lastKnownFileType = file.storyboard; path = SearchDashboardViewController.storyboard; sourceTree = "<group>"; };
		4F13CDA0242B3330001BEA97 /* ArticleSearchDashboardTableViewCell.swift */ = {isa = PBXFileReference; lastKnownFileType = sourcecode.swift; path = ArticleSearchDashboardTableViewCell.swift; sourceTree = "<group>"; };
		4F13CDA1242B3330001BEA97 /* ArticleSearchDashboardTableViewCell.xib */ = {isa = PBXFileReference; lastKnownFileType = file.xib; path = ArticleSearchDashboardTableViewCell.xib; sourceTree = "<group>"; };
		4FF6D8F8242F132300BB8F17 /* Date.swift */ = {isa = PBXFileReference; lastKnownFileType = sourcecode.swift; path = Date.swift; sourceTree = "<group>"; };
		4FF6D8F9242F132300BB8F17 /* UIView.swift */ = {isa = PBXFileReference; lastKnownFileType = sourcecode.swift; path = UIView.swift; sourceTree = "<group>"; };
		4FF6D8FA242F132300BB8F17 /* UIColor.swift */ = {isa = PBXFileReference; lastKnownFileType = sourcecode.swift; path = UIColor.swift; sourceTree = "<group>"; };
		4FF6D8FB242F132300BB8F17 /* UIImage.swift */ = {isa = PBXFileReference; lastKnownFileType = sourcecode.swift; path = UIImage.swift; sourceTree = "<group>"; };
		4FF6D8FC242F132300BB8F17 /* UILabel.swift */ = {isa = PBXFileReference; lastKnownFileType = sourcecode.swift; path = UILabel.swift; sourceTree = "<group>"; };
		4FF6D904242F202900BB8F17 /* Source+DTOMapping.swift */ = {isa = PBXFileReference; lastKnownFileType = sourcecode.swift; path = "Source+DTOMapping.swift"; sourceTree = "<group>"; };
		4FF6D906242F20BF00BB8F17 /* Source.swift */ = {isa = PBXFileReference; lastKnownFileType = sourcecode.swift; path = Source.swift; sourceTree = "<group>"; };
		4FF6D908242F2A0900BB8F17 /* SourcesRepository.swift */ = {isa = PBXFileReference; lastKnownFileType = sourcecode.swift; path = SourcesRepository.swift; sourceTree = "<group>"; };
		4FF6D90A242F2A1C00BB8F17 /* DefaultSourcesRepository.swift */ = {isa = PBXFileReference; lastKnownFileType = sourcecode.swift; path = DefaultSourcesRepository.swift; sourceTree = "<group>"; };
		4FF6D90C242F2A7F00BB8F17 /* ArticleSource.swift */ = {isa = PBXFileReference; lastKnownFileType = sourcecode.swift; path = ArticleSource.swift; sourceTree = "<group>"; };
		4FF6D90F242F2BF600BB8F17 /* SourcePage.swift */ = {isa = PBXFileReference; lastKnownFileType = sourcecode.swift; path = SourcePage.swift; sourceTree = "<group>"; };
		4FF6D912242F2EB400BB8F17 /* FetchSourcesUseCase.swift */ = {isa = PBXFileReference; lastKnownFileType = sourcecode.swift; path = FetchSourcesUseCase.swift; sourceTree = "<group>"; };
		C00B974A3EE31B2C158163D8 /* Pods-Nosnews.release.xcconfig */ = {isa = PBXFileReference; includeInIndex = 1; lastKnownFileType = text.xcconfig; name = "Pods-Nosnews.release.xcconfig"; path = "Target Support Files/Pods-Nosnews/Pods-Nosnews.release.xcconfig"; sourceTree = "<group>"; };
		C624E7FC232C8B75006FF254 /* colors.txt */ = {isa = PBXFileReference; lastKnownFileType = text; path = colors.txt; sourceTree = "<group>"; };
		C6354180231804DE00CF7120 /* Constant.swift */ = {isa = PBXFileReference; lastKnownFileType = sourcecode.swift; path = Constant.swift; sourceTree = "<group>"; };
		C6425A8823154476008D21B1 /* Nosnews.app */ = {isa = PBXFileReference; explicitFileType = wrapper.application; includeInIndex = 0; path = Nosnews.app; sourceTree = BUILT_PRODUCTS_DIR; };
		C6425A8B23154476008D21B1 /* AppDelegate.swift */ = {isa = PBXFileReference; lastKnownFileType = sourcecode.swift; path = AppDelegate.swift; sourceTree = "<group>"; };
		C6425A9323154476008D21B1 /* Nosnews.xcdatamodel */ = {isa = PBXFileReference; lastKnownFileType = wrapper.xcdatamodel; path = Nosnews.xcdatamodel; sourceTree = "<group>"; };
		C6425A9523154478008D21B1 /* Assets.xcassets */ = {isa = PBXFileReference; lastKnownFileType = folder.assetcatalog; path = Assets.xcassets; sourceTree = "<group>"; };
		C6425A9823154478008D21B1 /* Base */ = {isa = PBXFileReference; lastKnownFileType = file.storyboard; name = Base; path = Base.lproj/LaunchScreen.storyboard; sourceTree = "<group>"; };
		C6425A9A23154478008D21B1 /* Info.plist */ = {isa = PBXFileReference; lastKnownFileType = text.plist.xml; path = Info.plist; sourceTree = "<group>"; };
		C6425AA8231550E2008D21B1 /* NunitoSans-Italic.ttf */ = {isa = PBXFileReference; lastKnownFileType = file; path = "NunitoSans-Italic.ttf"; sourceTree = "<group>"; };
		C6425AA9231550E2008D21B1 /* NunitoSans-BoldItalic.ttf */ = {isa = PBXFileReference; lastKnownFileType = file; path = "NunitoSans-BoldItalic.ttf"; sourceTree = "<group>"; };
		C6425AAA231550E2008D21B1 /* NunitoSans-Regular.ttf */ = {isa = PBXFileReference; lastKnownFileType = file; path = "NunitoSans-Regular.ttf"; sourceTree = "<group>"; };
		C6425AAB231550E2008D21B1 /* NunitoSans-Bold.ttf */ = {isa = PBXFileReference; lastKnownFileType = file; path = "NunitoSans-Bold.ttf"; sourceTree = "<group>"; };
		C6425AC5231569AF008D21B1 /* Resources.swift */ = {isa = PBXFileReference; lastKnownFileType = sourcecode.swift; path = Resources.swift; sourceTree = "<group>"; };
		CB497BE408C04FB95FD92C94 /* Pods_Nosnews.framework */ = {isa = PBXFileReference; explicitFileType = wrapper.framework; includeInIndex = 0; path = Pods_Nosnews.framework; sourceTree = BUILT_PRODUCTS_DIR; };
		DDC027983B18BC62C7B106DC /* Pods-Nosnews.debug.xcconfig */ = {isa = PBXFileReference; includeInIndex = 1; lastKnownFileType = text.xcconfig; name = "Pods-Nosnews.debug.xcconfig"; path = "Target Support Files/Pods-Nosnews/Pods-Nosnews.debug.xcconfig"; sourceTree = "<group>"; };
/* End PBXFileReference section */

/* Begin PBXFrameworksBuildPhase section */
		C6425A8523154476008D21B1 /* Frameworks */ = {
			isa = PBXFrameworksBuildPhase;
			buildActionMask = 2147483647;
			files = (
				10F40D1E3BCDE986C232C6D1 /* Pods_Nosnews.framework in Frameworks */,
			);
			runOnlyForDeploymentPostprocessing = 0;
		};
/* End PBXFrameworksBuildPhase section */

/* Begin PBXGroup section */
		375C14B10CEFB143241FDC00 /* Pods */ = {
			isa = PBXGroup;
			children = (
				DDC027983B18BC62C7B106DC /* Pods-Nosnews.debug.xcconfig */,
				C00B974A3EE31B2C158163D8 /* Pods-Nosnews.release.xcconfig */,
			);
			path = Pods;
			sourceTree = "<group>";
		};
		4F13CD38242AE8CB001BEA97 /* Resources */ = {
			isa = PBXGroup;
			children = (
				C6425A9A23154478008D21B1 /* Info.plist */,
				C624E7FC232C8B75006FF254 /* colors.txt */,
				C6425A9523154478008D21B1 /* Assets.xcassets */,
				C6425AA7231550A6008D21B1 /* Font */,
				C6425A9723154478008D21B1 /* LaunchScreen.storyboard */,
			);
			path = Resources;
			sourceTree = "<group>";
		};
		4F13CD39242AE926001BEA97 /* Domain */ = {
			isa = PBXGroup;
			children = (
				4F13CD4C242AEA3C001BEA97 /* Entity */,
				4F13CD4D242AEA41001BEA97 /* Interface */,
				4F13CD4E242AEA49001BEA97 /* UseCase */,
			);
			path = Domain;
			sourceTree = "<group>";
		};
		4F13CD3A242AE933001BEA97 /* Presentation */ = {
			isa = PBXGroup;
			children = (
				4F13CD3C242AE958001BEA97 /* DashboardScene */,
				C6425AA223154E91008D21B1 /* Utils */,
			);
			path = Presentation;
			sourceTree = "<group>";
		};
		4F13CD3B242AE940001BEA97 /* Common */ = {
			isa = PBXGroup;
			children = (
				4F13CD75242B0125001BEA97 /* Network */,
			);
			path = Common;
			sourceTree = "<group>";
		};
		4F13CD3C242AE958001BEA97 /* DashboardScene */ = {
			isa = PBXGroup;
			children = (
				4F13CD3D242AE95E001BEA97 /* Dashboard */,
				4F13CD44242AE976001BEA97 /* FlowCoordinator */,
				4F13CD87242B1138001BEA97 /* Movie */,
				4F13CD86242B1132001BEA97 /* News */,
				4F13CD88242B1141001BEA97 /* Search */,
			);
			path = DashboardScene;
			sourceTree = "<group>";
		};
		4F13CD3D242AE95E001BEA97 /* Dashboard */ = {
			isa = PBXGroup;
			children = (
				4F13CD3E242AE96C001BEA97 /* DashboardViewController.swift */,
				4F13CD3F242AE96C001BEA97 /* DashboardViewModel.swift */,
				4F13CD40242AE96C001BEA97 /* DashboardViewController.storyboard */,
			);
			path = Dashboard;
			sourceTree = "<group>";
		};
		4F13CD44242AE976001BEA97 /* FlowCoordinator */ = {
			isa = PBXGroup;
			children = (
				4F13CD45242AE986001BEA97 /* DashboardFlowCoordinator.swift */,
			);
			path = FlowCoordinator;
			sourceTree = "<group>";
		};
		4F13CD47242AE9C0001BEA97 /* Network */ = {
			isa = PBXGroup;
			children = (
				4F13CD69242AFAC7001BEA97 /* DataMapping */,
				4F13CD6A242AFB05001BEA97 /* NewsAPIEndpoint.swift */,
			);
			path = Network;
			sourceTree = "<group>";
		};
		4F13CD48242AE9C5001BEA97 /* PersistentStorage */ = {
			isa = PBXGroup;
			children = (
				4F13CD51242AEA7F001BEA97 /* CoreDataStorage */,
				4F13CD52242AEA88001BEA97 /* UserDefaultStorage */,
			);
			path = PersistentStorage;
			sourceTree = "<group>";
		};
		4F13CD49242AE9EA001BEA97 /* Repository */ = {
			isa = PBXGroup;
			children = (
				4F13CD7A242B026B001BEA97 /* Utils */,
				4F13CD78242B01AF001BEA97 /* DefaultArticlesRepository.swift */,
				4FF6D90A242F2A1C00BB8F17 /* DefaultSourcesRepository.swift */,
			);
			path = Repository;
			sourceTree = "<group>";
		};
		4F13CD4A242AEA00001BEA97 /* Infrastructure */ = {
			isa = PBXGroup;
			children = (
				4F13CD4B242AEA11001BEA97 /* Network */,
			);
			path = Infrastructure;
			sourceTree = "<group>";
		};
		4F13CD4B242AEA11001BEA97 /* Network */ = {
			isa = PBXGroup;
			children = (
				4F13CD59242AEEF4001BEA97 /* DataTransferService.swift */,
				4F13CD5B242AEEF4001BEA97 /* Endpoint.swift */,
				4F13CD5C242AEEF4001BEA97 /* NetworkConfig.swift */,
				4F13CD5A242AEEF4001BEA97 /* NetworkService.swift */,
			);
			path = Network;
			sourceTree = "<group>";
		};
		4F13CD4C242AEA3C001BEA97 /* Entity */ = {
			isa = PBXGroup;
			children = (
				4F13CD6C242AFB3E001BEA97 /* Article */,
				4FF6D90E242F2BD400BB8F17 /* Source */,
			);
			path = Entity;
			sourceTree = "<group>";
		};
		4F13CD4D242AEA41001BEA97 /* Interface */ = {
			isa = PBXGroup;
			children = (
				4F13CD73242B00DC001BEA97 /* ArticlesRepository.swift */,
				4FF6D908242F2A0900BB8F17 /* SourcesRepository.swift */,
			);
			path = Interface;
			sourceTree = "<group>";
		};
		4F13CD4E242AEA49001BEA97 /* UseCase */ = {
			isa = PBXGroup;
			children = (
				4F13CD84242B0FA2001BEA97 /* FetchTopHeadlineArticlesUseCase.swift */,
				4FF6D912242F2EB400BB8F17 /* FetchSourcesUseCase.swift */,
			);
			path = UseCase;
			sourceTree = "<group>";
		};
		4F13CD4F242AEA69001BEA97 /* DIContainer */ = {
			isa = PBXGroup;
			children = (
				4F13CD7D242B0E5C001BEA97 /* Factory */,
				4F13CD55242AECB8001BEA97 /* AppDIContainer.swift */,
				4F13CD65242AF889001BEA97 /* AppDIContainer+DashboardFlowCoorindatorFactory.swift */,
				4F13CD7B242B0DAC001BEA97 /* AppDIContainer+Repository.swift */,
				4F13CD82242B0F64001BEA97 /* AppDIContainer+UseCase.swift */,
			);
			path = DIContainer;
			sourceTree = "<group>";
		};
		4F13CD50242AEA70001BEA97 /* FlowCoordinator */ = {
			isa = PBXGroup;
			children = (
				4F13CD54242AEAB3001BEA97 /* Factory */,
				4F13CD63242AF082001BEA97 /* AppFlowCoordinator.swift */,
			);
			path = FlowCoordinator;
			sourceTree = "<group>";
		};
		4F13CD51242AEA7F001BEA97 /* CoreDataStorage */ = {
			isa = PBXGroup;
			children = (
				C6425A9223154476008D21B1 /* Nosnews.xcdatamodeld */,
			);
			path = CoreDataStorage;
			sourceTree = "<group>";
		};
		4F13CD52242AEA88001BEA97 /* UserDefaultStorage */ = {
			isa = PBXGroup;
			children = (
			);
			path = UserDefaultStorage;
			sourceTree = "<group>";
		};
		4F13CD54242AEAB3001BEA97 /* Factory */ = {
			isa = PBXGroup;
			children = (
				4F13CD61242AF036001BEA97 /* FlowCoordinatorFactory.swift */,
			);
			path = Factory;
			sourceTree = "<group>";
		};
		4F13CD69242AFAC7001BEA97 /* DataMapping */ = {
			isa = PBXGroup;
			children = (
				4F13CD71242AFBF8001BEA97 /* Article+DTOMapping.swift */,
				4FF6D904242F202900BB8F17 /* Source+DTOMapping.swift */,
			);
			path = DataMapping;
			sourceTree = "<group>";
		};
		4F13CD6C242AFB3E001BEA97 /* Article */ = {
			isa = PBXGroup;
			children = (
				4F13CD6D242AFB48001BEA97 /* Article.swift */,
				4F13CD6F242AFBB9001BEA97 /* ArticlePage.swift */,
				4FF6D90C242F2A7F00BB8F17 /* ArticleSource.swift */,
			);
			path = Article;
			sourceTree = "<group>";
		};
		4F13CD75242B0125001BEA97 /* Network */ = {
			isa = PBXGroup;
			children = (
				4F13CD76242B012E001BEA97 /* Cancellable.swift */,
			);
			path = Network;
			sourceTree = "<group>";
		};
		4F13CD7A242B026B001BEA97 /* Utils */ = {
			isa = PBXGroup;
			children = (
			);
			path = Utils;
			sourceTree = "<group>";
		};
		4F13CD7D242B0E5C001BEA97 /* Factory */ = {
			isa = PBXGroup;
			children = (
				4F13CD7E242B0E6D001BEA97 /* DIRepositoryFactory.swift */,
				4F13CD80242B0F2D001BEA97 /* DIUseCaseFactory.swift */,
			);
			path = Factory;
			sourceTree = "<group>";
		};
		4F13CD86242B1132001BEA97 /* News */ = {
			isa = PBXGroup;
			children = (
				4F13CD89242B115A001BEA97 /* NewsDashboardViewController.swift */,
				4F13CD8A242B115A001BEA97 /* NewsDashboardViewModel.swift */,
				4F13CD8B242B115A001BEA97 /* NewsDashboardViewController.storyboard */,
			);
			path = News;
			sourceTree = "<group>";
		};
		4F13CD87242B1138001BEA97 /* Movie */ = {
			isa = PBXGroup;
			children = (
				4F13CD93242B1476001BEA97 /* MoviesDashboardViewController.swift */,
				4F13CD94242B1476001BEA97 /* MoviesDashboardViewModel.swift */,
				4F13CD95242B1476001BEA97 /* MoviesDashboardViewController.storyboard */,
			);
			path = Movie;
			sourceTree = "<group>";
		};
		4F13CD88242B1141001BEA97 /* Search */ = {
			isa = PBXGroup;
			children = (
				4FF6D914242F38C300BB8F17 /* CollectionCell */,
				4F13CD9F242B3301001BEA97 /* TableCell */,
				4F13CD99242B2555001BEA97 /* SearchDashboardViewController.swift */,
				4F13CD9A242B2555001BEA97 /* SearchDashboardViewModel.swift */,
				4F13CD9B242B2555001BEA97 /* SearchDashboardViewController.storyboard */,
			);
			path = Search;
			sourceTree = "<group>";
		};
		4F13CD9F242B3301001BEA97 /* TableCell */ = {
			isa = PBXGroup;
			children = (
				4F13CDA4242B3336001BEA97 /* Article */,
			);
			path = TableCell;
			sourceTree = "<group>";
		};
		4F13CDA4242B3336001BEA97 /* Article */ = {
			isa = PBXGroup;
			children = (
				4F13CDA0242B3330001BEA97 /* ArticleSearchDashboardTableViewCell.swift */,
				4F13CDA1242B3330001BEA97 /* ArticleSearchDashboardTableViewCell.xib */,
			);
			path = Article;
			sourceTree = "<group>";
		};
		4FF6D8F7242F12E500BB8F17 /* Extension */ = {
			isa = PBXGroup;
			children = (
				4FF6D8F8242F132300BB8F17 /* Date.swift */,
				4FF6D8F9242F132300BB8F17 /* UIView.swift */,
				4FF6D8FA242F132300BB8F17 /* UIColor.swift */,
				4FF6D8FB242F132300BB8F17 /* UIImage.swift */,
				4FF6D8FC242F132300BB8F17 /* UILabel.swift */,
			);
			path = Extension;
			sourceTree = "<group>";
		};
		4FF6D90E242F2BD400BB8F17 /* Source */ = {
			isa = PBXGroup;
			children = (
				4FF6D906242F20BF00BB8F17 /* Source.swift */,
				4FF6D90F242F2BF600BB8F17 /* SourcePage.swift */,
			);
			path = Source;
			sourceTree = "<group>";
		};
		4FF6D914242F38C300BB8F17 /* CollectionCell */ = {
			isa = PBXGroup;
			children = (
			);
			path = CollectionCell;
			sourceTree = "<group>";
		};
		52E343EC2A5A98CEE30DA26D /* Frameworks */ = {
			isa = PBXGroup;
			children = (
				CB497BE408C04FB95FD92C94 /* Pods_Nosnews.framework */,
			);
			name = Frameworks;
			sourceTree = "<group>";
		};
		C635417F2318041400CF7120 /* Constant */ = {
			isa = PBXGroup;
			children = (
				C6354180231804DE00CF7120 /* Constant.swift */,
				C6425AC5231569AF008D21B1 /* Resources.swift */,
			);
			path = Constant;
			sourceTree = "<group>";
		};
		C6425A7F23154476008D21B1 = {
			isa = PBXGroup;
			children = (
				C6425A8A23154476008D21B1 /* Nosnews */,
				C6425A8923154476008D21B1 /* Products */,
				375C14B10CEFB143241FDC00 /* Pods */,
				52E343EC2A5A98CEE30DA26D /* Frameworks */,
			);
			sourceTree = "<group>";
		};
		C6425A8923154476008D21B1 /* Products */ = {
			isa = PBXGroup;
			children = (
				C6425A8823154476008D21B1 /* Nosnews.app */,
			);
			name = Products;
			sourceTree = "<group>";
		};
		C6425A8A23154476008D21B1 /* Nosnews */ = {
			isa = PBXGroup;
			children = (
				C6B4EC99232906C200491295 /* Application */,
				4F13CD3B242AE940001BEA97 /* Common */,
				C6425ABA231554D3008D21B1 /* Data */,
				4F13CD39242AE926001BEA97 /* Domain */,
				4F13CD4A242AEA00001BEA97 /* Infrastructure */,
				4F13CD3A242AE933001BEA97 /* Presentation */,
				4F13CD38242AE8CB001BEA97 /* Resources */,
			);
			path = Nosnews;
			sourceTree = "<group>";
		};
		C6425AA223154E91008D21B1 /* Utils */ = {
			isa = PBXGroup;
			children = (
				C635417F2318041400CF7120 /* Constant */,
				4FF6D8F7242F12E500BB8F17 /* Extension */,
				4F13CD8F242B1369001BEA97 /* StoryboardInstantiable.swift */,
				4F13CD91242B1372001BEA97 /* Observable.swift */,
			);
			path = Utils;
			sourceTree = "<group>";
		};
		C6425AA7231550A6008D21B1 /* Font */ = {
			isa = PBXGroup;
			children = (
				C6425AAB231550E2008D21B1 /* NunitoSans-Bold.ttf */,
				C6425AA9231550E2008D21B1 /* NunitoSans-BoldItalic.ttf */,
				C6425AA8231550E2008D21B1 /* NunitoSans-Italic.ttf */,
				C6425AAA231550E2008D21B1 /* NunitoSans-Regular.ttf */,
			);
			path = Font;
			sourceTree = "<group>";
		};
		C6425ABA231554D3008D21B1 /* Data */ = {
			isa = PBXGroup;
			children = (
				4F13CD47242AE9C0001BEA97 /* Network */,
				4F13CD48242AE9C5001BEA97 /* PersistentStorage */,
				4F13CD49242AE9EA001BEA97 /* Repository */,
			);
			path = Data;
			sourceTree = "<group>";
		};
		C6B4EC99232906C200491295 /* Application */ = {
			isa = PBXGroup;
			children = (
				C6425A8B23154476008D21B1 /* AppDelegate.swift */,
				4F13CD4F242AEA69001BEA97 /* DIContainer */,
				4F13CD50242AEA70001BEA97 /* FlowCoordinator */,
				4F13CD57242AECC5001BEA97 /* AppConfiguration.swift */,
			);
			path = Application;
			sourceTree = "<group>";
		};
/* End PBXGroup section */

/* Begin PBXNativeTarget section */
		C6425A8723154476008D21B1 /* Nosnews */ = {
			isa = PBXNativeTarget;
			buildConfigurationList = C6425A9D23154478008D21B1 /* Build configuration list for PBXNativeTarget "Nosnews" */;
			buildPhases = (
				E3586CC68158B92153E09046 /* [CP] Check Pods Manifest.lock */,
				C6425A8423154476008D21B1 /* Sources */,
				C6425A8523154476008D21B1 /* Frameworks */,
				C6425A8623154476008D21B1 /* Resources */,
				25C4797C8E4752D3A2216ED9 /* [CP] Embed Pods Frameworks */,
			);
			buildRules = (
			);
			dependencies = (
			);
			name = Nosnews;
			productName = Nosnews;
			productReference = C6425A8823154476008D21B1 /* Nosnews.app */;
			productType = "com.apple.product-type.application";
		};
/* End PBXNativeTarget section */

/* Begin PBXProject section */
		C6425A8023154476008D21B1 /* Project object */ = {
			isa = PBXProject;
			attributes = {
				LastSwiftUpdateCheck = 1030;
				LastUpgradeCheck = 1030;
				ORGANIZATIONNAME = "Ayo Development";
				TargetAttributes = {
					C6425A8723154476008D21B1 = {
						CreatedOnToolsVersion = 10.3;
					};
				};
			};
			buildConfigurationList = C6425A8323154476008D21B1 /* Build configuration list for PBXProject "Nosnews" */;
			compatibilityVersion = "Xcode 9.3";
			developmentRegion = en;
			hasScannedForEncodings = 0;
			knownRegions = (
				en,
				Base,
				id,
			);
			mainGroup = C6425A7F23154476008D21B1;
			productRefGroup = C6425A8923154476008D21B1 /* Products */;
			projectDirPath = "";
			projectRoot = "";
			targets = (
				C6425A8723154476008D21B1 /* Nosnews */,
			);
		};
/* End PBXProject section */

/* Begin PBXResourcesBuildPhase section */
		C6425A8623154476008D21B1 /* Resources */ = {
			isa = PBXResourcesBuildPhase;
			buildActionMask = 2147483647;
			files = (
				4F13CD43242AE96C001BEA97 /* DashboardViewController.storyboard in Resources */,
				4F13CDA3242B3330001BEA97 /* ArticleSearchDashboardTableViewCell.xib in Resources */,
				4F13CD8E242B115A001BEA97 /* NewsDashboardViewController.storyboard in Resources */,
				C6425A9923154478008D21B1 /* LaunchScreen.storyboard in Resources */,
				4F13CD98242B1476001BEA97 /* MoviesDashboardViewController.storyboard in Resources */,
				C6425AAD231550E2008D21B1 /* NunitoSans-BoldItalic.ttf in Resources */,
				C6425AAE231550E2008D21B1 /* NunitoSans-Regular.ttf in Resources */,
				C624E7FD232C8B75006FF254 /* colors.txt in Resources */,
				C6425AAC231550E2008D21B1 /* NunitoSans-Italic.ttf in Resources */,
				C6425A9623154478008D21B1 /* Assets.xcassets in Resources */,
				4F13CD9E242B2555001BEA97 /* SearchDashboardViewController.storyboard in Resources */,
				C6425AAF231550E2008D21B1 /* NunitoSans-Bold.ttf in Resources */,
			);
			runOnlyForDeploymentPostprocessing = 0;
		};
/* End PBXResourcesBuildPhase section */

/* Begin PBXShellScriptBuildPhase section */
		25C4797C8E4752D3A2216ED9 /* [CP] Embed Pods Frameworks */ = {
			isa = PBXShellScriptBuildPhase;
			buildActionMask = 2147483647;
			files = (
			);
			inputFileListPaths = (
				"${PODS_ROOT}/Target Support Files/Pods-Nosnews/Pods-Nosnews-frameworks-${CONFIGURATION}-input-files.xcfilelist",
			);
			name = "[CP] Embed Pods Frameworks";
			outputFileListPaths = (
				"${PODS_ROOT}/Target Support Files/Pods-Nosnews/Pods-Nosnews-frameworks-${CONFIGURATION}-output-files.xcfilelist",
			);
			runOnlyForDeploymentPostprocessing = 0;
			shellPath = /bin/sh;
			shellScript = "\"${PODS_ROOT}/Target Support Files/Pods-Nosnews/Pods-Nosnews-frameworks.sh\"\n";
			showEnvVarsInLog = 0;
		};
		E3586CC68158B92153E09046 /* [CP] Check Pods Manifest.lock */ = {
			isa = PBXShellScriptBuildPhase;
			buildActionMask = 2147483647;
			files = (
			);
			inputFileListPaths = (
			);
			inputPaths = (
				"${PODS_PODFILE_DIR_PATH}/Podfile.lock",
				"${PODS_ROOT}/Manifest.lock",
			);
			name = "[CP] Check Pods Manifest.lock";
			outputFileListPaths = (
			);
			outputPaths = (
				"$(DERIVED_FILE_DIR)/Pods-Nosnews-checkManifestLockResult.txt",
			);
			runOnlyForDeploymentPostprocessing = 0;
			shellPath = /bin/sh;
			shellScript = "diff \"${PODS_PODFILE_DIR_PATH}/Podfile.lock\" \"${PODS_ROOT}/Manifest.lock\" > /dev/null\nif [ $? != 0 ] ; then\n    # print error to STDERR\n    echo \"error: The sandbox is not in sync with the Podfile.lock. Run 'pod install' or update your CocoaPods installation.\" >&2\n    exit 1\nfi\n# This output is used by Xcode 'outputs' to avoid re-running this script phase.\necho \"SUCCESS\" > \"${SCRIPT_OUTPUT_FILE_0}\"\n";
			showEnvVarsInLog = 0;
		};
/* End PBXShellScriptBuildPhase section */

/* Begin PBXSourcesBuildPhase section */
		C6425A8423154476008D21B1 /* Sources */ = {
			isa = PBXSourcesBuildPhase;
			buildActionMask = 2147483647;
			files = (
				4F13CD5E242AEEF4001BEA97 /* NetworkService.swift in Sources */,
				4F13CD90242B1369001BEA97 /* StoryboardInstantiable.swift in Sources */,
				4F13CD9C242B2555001BEA97 /* SearchDashboardViewController.swift in Sources */,
				4F13CD58242AECC5001BEA97 /* AppConfiguration.swift in Sources */,
				4FF6D907242F20BF00BB8F17 /* Source.swift in Sources */,
				4F13CD70242AFBB9001BEA97 /* ArticlePage.swift in Sources */,
				4F13CD74242B00DC001BEA97 /* ArticlesRepository.swift in Sources */,
				4F13CD6E242AFB48001BEA97 /* Article.swift in Sources */,
				4F13CD96242B1476001BEA97 /* MoviesDashboardViewController.swift in Sources */,
				4F13CD60242AEEF4001BEA97 /* NetworkConfig.swift in Sources */,
				4FF6D913242F2EB400BB8F17 /* FetchSourcesUseCase.swift in Sources */,
				4FF6D905242F202900BB8F17 /* Source+DTOMapping.swift in Sources */,
				4F13CD7F242B0E6D001BEA97 /* DIRepositoryFactory.swift in Sources */,
				4F13CD7C242B0DAC001BEA97 /* AppDIContainer+Repository.swift in Sources */,
				4F13CD9D242B2555001BEA97 /* SearchDashboardViewModel.swift in Sources */,
				4F13CD56242AECB8001BEA97 /* AppDIContainer.swift in Sources */,
				4FF6D8FE242F132300BB8F17 /* UIView.swift in Sources */,
				4F13CD8C242B115A001BEA97 /* NewsDashboardViewController.swift in Sources */,
				C6425A8C23154476008D21B1 /* AppDelegate.swift in Sources */,
				4FF6D901242F132300BB8F17 /* UILabel.swift in Sources */,
				4FF6D909242F2A0900BB8F17 /* SourcesRepository.swift in Sources */,
				4F13CD6B242AFB05001BEA97 /* NewsAPIEndpoint.swift in Sources */,
				C6425AC6231569AF008D21B1 /* Resources.swift in Sources */,
				4F13CD72242AFBF8001BEA97 /* Article+DTOMapping.swift in Sources */,
				4F13CD5D242AEEF4001BEA97 /* DataTransferService.swift in Sources */,
				4FF6D90D242F2A7F00BB8F17 /* ArticleSource.swift in Sources */,
				4F13CD92242B1372001BEA97 /* Observable.swift in Sources */,
				4F13CDA2242B3330001BEA97 /* ArticleSearchDashboardTableViewCell.swift in Sources */,
				4FF6D90B242F2A1C00BB8F17 /* DefaultSourcesRepository.swift in Sources */,
				4F13CD66242AF889001BEA97 /* AppDIContainer+DashboardFlowCoorindatorFactory.swift in Sources */,
				4F13CD64242AF082001BEA97 /* AppFlowCoordinator.swift in Sources */,
				4F13CD41242AE96C001BEA97 /* DashboardViewController.swift in Sources */,
				4F13CD42242AE96C001BEA97 /* DashboardViewModel.swift in Sources */,
				4FF6D900242F132300BB8F17 /* UIImage.swift in Sources */,
				4F13CD79242B01AF001BEA97 /* DefaultArticlesRepository.swift in Sources */,
				C6354181231804DE00CF7120 /* Constant.swift in Sources */,
				4F13CD83242B0F64001BEA97 /* AppDIContainer+UseCase.swift in Sources */,
				4FF6D8FF242F132300BB8F17 /* UIColor.swift in Sources */,
				4F13CD8D242B115A001BEA97 /* NewsDashboardViewModel.swift in Sources */,
				4F13CD46242AE986001BEA97 /* DashboardFlowCoordinator.swift in Sources */,
				4F13CD77242B012E001BEA97 /* Cancellable.swift in Sources */,
				4F13CD62242AF036001BEA97 /* FlowCoordinatorFactory.swift in Sources */,
				4FF6D910242F2BF600BB8F17 /* SourcePage.swift in Sources */,
				4F13CD81242B0F2D001BEA97 /* DIUseCaseFactory.swift in Sources */,
				4F13CD97242B1476001BEA97 /* MoviesDashboardViewModel.swift in Sources */,
				4F13CD5F242AEEF4001BEA97 /* Endpoint.swift in Sources */,
				4FF6D8FD242F132300BB8F17 /* Date.swift in Sources */,
				C6425A9423154476008D21B1 /* Nosnews.xcdatamodeld in Sources */,
				4F13CD85242B0FA2001BEA97 /* FetchTopHeadlineArticlesUseCase.swift in Sources */,
			);
			runOnlyForDeploymentPostprocessing = 0;
		};
/* End PBXSourcesBuildPhase section */

/* Begin PBXVariantGroup section */
		C6425A9723154478008D21B1 /* LaunchScreen.storyboard */ = {
			isa = PBXVariantGroup;
			children = (
				C6425A9823154478008D21B1 /* Base */,
			);
			name = LaunchScreen.storyboard;
			sourceTree = "<group>";
		};
/* End PBXVariantGroup section */

/* Begin XCBuildConfiguration section */
		C6425A9B23154478008D21B1 /* Debug */ = {
			isa = XCBuildConfiguration;
			buildSettings = {
				ALWAYS_SEARCH_USER_PATHS = NO;
				CLANG_ANALYZER_LOCALIZABILITY_NONLOCALIZED = YES;
				CLANG_ANALYZER_NONNULL = YES;
				CLANG_ANALYZER_NUMBER_OBJECT_CONVERSION = YES_AGGRESSIVE;
				CLANG_CXX_LANGUAGE_STANDARD = "gnu++14";
				CLANG_CXX_LIBRARY = "libc++";
				CLANG_ENABLE_MODULES = YES;
				CLANG_ENABLE_OBJC_ARC = YES;
				CLANG_ENABLE_OBJC_WEAK = YES;
				CLANG_WARN_BLOCK_CAPTURE_AUTORELEASING = YES;
				CLANG_WARN_BOOL_CONVERSION = YES;
				CLANG_WARN_COMMA = YES;
				CLANG_WARN_CONSTANT_CONVERSION = YES;
				CLANG_WARN_DEPRECATED_OBJC_IMPLEMENTATIONS = YES;
				CLANG_WARN_DIRECT_OBJC_ISA_USAGE = YES_ERROR;
				CLANG_WARN_DOCUMENTATION_COMMENTS = YES;
				CLANG_WARN_EMPTY_BODY = YES;
				CLANG_WARN_ENUM_CONVERSION = YES;
				CLANG_WARN_INFINITE_RECURSION = YES;
				CLANG_WARN_INT_CONVERSION = YES;
				CLANG_WARN_NON_LITERAL_NULL_CONVERSION = YES;
				CLANG_WARN_OBJC_IMPLICIT_RETAIN_SELF = YES;
				CLANG_WARN_OBJC_LITERAL_CONVERSION = YES;
				CLANG_WARN_OBJC_ROOT_CLASS = YES_ERROR;
				CLANG_WARN_RANGE_LOOP_ANALYSIS = YES;
				CLANG_WARN_STRICT_PROTOTYPES = YES;
				CLANG_WARN_SUSPICIOUS_MOVE = YES;
				CLANG_WARN_UNGUARDED_AVAILABILITY = YES_AGGRESSIVE;
				CLANG_WARN_UNREACHABLE_CODE = YES;
				CLANG_WARN__DUPLICATE_METHOD_MATCH = YES;
				CODE_SIGN_IDENTITY = "iPhone Developer";
				COPY_PHASE_STRIP = NO;
				DEBUG_INFORMATION_FORMAT = dwarf;
				ENABLE_STRICT_OBJC_MSGSEND = YES;
				ENABLE_TESTABILITY = YES;
				GCC_C_LANGUAGE_STANDARD = gnu11;
				GCC_DYNAMIC_NO_PIC = NO;
				GCC_NO_COMMON_BLOCKS = YES;
				GCC_OPTIMIZATION_LEVEL = 0;
				GCC_PREPROCESSOR_DEFINITIONS = (
					"DEBUG=1",
					"$(inherited)",
				);
				GCC_WARN_64_TO_32_BIT_CONVERSION = YES;
				GCC_WARN_ABOUT_RETURN_TYPE = YES_ERROR;
				GCC_WARN_UNDECLARED_SELECTOR = YES;
				GCC_WARN_UNINITIALIZED_AUTOS = YES_AGGRESSIVE;
				GCC_WARN_UNUSED_FUNCTION = YES;
				GCC_WARN_UNUSED_VARIABLE = YES;
				IPHONEOS_DEPLOYMENT_TARGET = 12.0;
				MTL_ENABLE_DEBUG_INFO = INCLUDE_SOURCE;
				MTL_FAST_MATH = YES;
				ONLY_ACTIVE_ARCH = YES;
				SDKROOT = iphoneos;
				SWIFT_ACTIVE_COMPILATION_CONDITIONS = DEBUG;
				SWIFT_OPTIMIZATION_LEVEL = "-Onone";
			};
			name = Debug;
		};
		C6425A9C23154478008D21B1 /* Release */ = {
			isa = XCBuildConfiguration;
			buildSettings = {
				ALWAYS_SEARCH_USER_PATHS = NO;
				CLANG_ANALYZER_LOCALIZABILITY_NONLOCALIZED = YES;
				CLANG_ANALYZER_NONNULL = YES;
				CLANG_ANALYZER_NUMBER_OBJECT_CONVERSION = YES_AGGRESSIVE;
				CLANG_CXX_LANGUAGE_STANDARD = "gnu++14";
				CLANG_CXX_LIBRARY = "libc++";
				CLANG_ENABLE_MODULES = YES;
				CLANG_ENABLE_OBJC_ARC = YES;
				CLANG_ENABLE_OBJC_WEAK = YES;
				CLANG_WARN_BLOCK_CAPTURE_AUTORELEASING = YES;
				CLANG_WARN_BOOL_CONVERSION = YES;
				CLANG_WARN_COMMA = YES;
				CLANG_WARN_CONSTANT_CONVERSION = YES;
				CLANG_WARN_DEPRECATED_OBJC_IMPLEMENTATIONS = YES;
				CLANG_WARN_DIRECT_OBJC_ISA_USAGE = YES_ERROR;
				CLANG_WARN_DOCUMENTATION_COMMENTS = YES;
				CLANG_WARN_EMPTY_BODY = YES;
				CLANG_WARN_ENUM_CONVERSION = YES;
				CLANG_WARN_INFINITE_RECURSION = YES;
				CLANG_WARN_INT_CONVERSION = YES;
				CLANG_WARN_NON_LITERAL_NULL_CONVERSION = YES;
				CLANG_WARN_OBJC_IMPLICIT_RETAIN_SELF = YES;
				CLANG_WARN_OBJC_LITERAL_CONVERSION = YES;
				CLANG_WARN_OBJC_ROOT_CLASS = YES_ERROR;
				CLANG_WARN_RANGE_LOOP_ANALYSIS = YES;
				CLANG_WARN_STRICT_PROTOTYPES = YES;
				CLANG_WARN_SUSPICIOUS_MOVE = YES;
				CLANG_WARN_UNGUARDED_AVAILABILITY = YES_AGGRESSIVE;
				CLANG_WARN_UNREACHABLE_CODE = YES;
				CLANG_WARN__DUPLICATE_METHOD_MATCH = YES;
				CODE_SIGN_IDENTITY = "iPhone Developer";
				COPY_PHASE_STRIP = NO;
				DEBUG_INFORMATION_FORMAT = "dwarf-with-dsym";
				ENABLE_NS_ASSERTIONS = NO;
				ENABLE_STRICT_OBJC_MSGSEND = YES;
				GCC_C_LANGUAGE_STANDARD = gnu11;
				GCC_NO_COMMON_BLOCKS = YES;
				GCC_WARN_64_TO_32_BIT_CONVERSION = YES;
				GCC_WARN_ABOUT_RETURN_TYPE = YES_ERROR;
				GCC_WARN_UNDECLARED_SELECTOR = YES;
				GCC_WARN_UNINITIALIZED_AUTOS = YES_AGGRESSIVE;
				GCC_WARN_UNUSED_FUNCTION = YES;
				GCC_WARN_UNUSED_VARIABLE = YES;
				IPHONEOS_DEPLOYMENT_TARGET = 12.0;
				MTL_ENABLE_DEBUG_INFO = NO;
				MTL_FAST_MATH = YES;
				SDKROOT = iphoneos;
				SWIFT_COMPILATION_MODE = wholemodule;
				SWIFT_OPTIMIZATION_LEVEL = "-O";
				VALIDATE_PRODUCT = YES;
			};
			name = Release;
		};
		C6425A9E23154478008D21B1 /* Debug */ = {
			isa = XCBuildConfiguration;
			baseConfigurationReference = DDC027983B18BC62C7B106DC /* Pods-Nosnews.debug.xcconfig */;
			buildSettings = {
				ASSETCATALOG_COMPILER_APPICON_NAME = AppIcon;
				CODE_SIGN_STYLE = Automatic;
				DEVELOPMENT_TEAM = 5U7M39KWXM;
				INFOPLIST_FILE = "$(SRCROOT)/Nosnews/Resources/Info.plist";
				IPHONEOS_DEPLOYMENT_TARGET = 11.0;
				LD_RUNPATH_SEARCH_PATHS = (
					"$(inherited)",
					"@executable_path/Frameworks",
				);
				PRODUCT_BUNDLE_IDENTIFIER = ayodev.Nosnews;
				PRODUCT_NAME = "$(TARGET_NAME)";
				SWIFT_VERSION = 5.0;
				TARGETED_DEVICE_FAMILY = 1;
			};
			name = Debug;
		};
		C6425A9F23154478008D21B1 /* Release */ = {
			isa = XCBuildConfiguration;
			baseConfigurationReference = C00B974A3EE31B2C158163D8 /* Pods-Nosnews.release.xcconfig */;
			buildSettings = {
				ASSETCATALOG_COMPILER_APPICON_NAME = AppIcon;
				CODE_SIGN_STYLE = Automatic;
				DEVELOPMENT_TEAM = 5U7M39KWXM;
				INFOPLIST_FILE = "$(SRCROOT)/Nosnews/Resources/Info.plist";
				IPHONEOS_DEPLOYMENT_TARGET = 11.0;
				LD_RUNPATH_SEARCH_PATHS = (
					"$(inherited)",
					"@executable_path/Frameworks",
				);
				PRODUCT_BUNDLE_IDENTIFIER = ayodev.Nosnews;
				PRODUCT_NAME = "$(TARGET_NAME)";
				SWIFT_VERSION = 5.0;
				TARGETED_DEVICE_FAMILY = 1;
			};
			name = Release;
		};
/* End XCBuildConfiguration section */

/* Begin XCConfigurationList section */
		C6425A8323154476008D21B1 /* Build configuration list for PBXProject "Nosnews" */ = {
			isa = XCConfigurationList;
			buildConfigurations = (
				C6425A9B23154478008D21B1 /* Debug */,
				C6425A9C23154478008D21B1 /* Release */,
			);
			defaultConfigurationIsVisible = 0;
			defaultConfigurationName = Release;
		};
		C6425A9D23154478008D21B1 /* Build configuration list for PBXNativeTarget "Nosnews" */ = {
			isa = XCConfigurationList;
			buildConfigurations = (
				C6425A9E23154478008D21B1 /* Debug */,
				C6425A9F23154478008D21B1 /* Release */,
			);
			defaultConfigurationIsVisible = 0;
			defaultConfigurationName = Release;
		};
/* End XCConfigurationList section */

/* Begin XCVersionGroup section */
		C6425A9223154476008D21B1 /* Nosnews.xcdatamodeld */ = {
			isa = XCVersionGroup;
			children = (
				C6425A9323154476008D21B1 /* Nosnews.xcdatamodel */,
			);
			currentVersion = C6425A9323154476008D21B1 /* Nosnews.xcdatamodel */;
			path = Nosnews.xcdatamodeld;
			sourceTree = "<group>";
			versionGroupType = wrapper.xcdatamodel;
		};
/* End XCVersionGroup section */
	};
	rootObject = C6425A8023154476008D21B1 /* Project object */;
}
