// !$*UTF8*$!
{
	archiveVersion = 1;
	classes = {
	};
	objectVersion = 51;
	objects = {

/* Begin PBXBuildFile section */
		10F40D1E3BCDE986C232C6D1 /* Pods_Nosnews.framework in Frameworks */ = {isa = PBXBuildFile; fileRef = CB497BE408C04FB95FD92C94 /* Pods_Nosnews.framework */; };
		C6354181231804DE00CF7120 /* Constant.swift in Sources */ = {isa = PBXBuildFile; fileRef = C6354180231804DE00CF7120 /* Constant.swift */; };
		C635418623180A9300CF7120 /* NewsPreferences.swift in Sources */ = {isa = PBXBuildFile; fileRef = C635418523180A9300CF7120 /* NewsPreferences.swift */; };
		C63541892318AA6100CF7120 /* CountryCodeViewController.swift in Sources */ = {isa = PBXBuildFile; fileRef = C63541882318AA6100CF7120 /* CountryCodeViewController.swift */; };
		C635418C2318B21400CF7120 /* CountryCode.storyboard in Resources */ = {isa = PBXBuildFile; fileRef = C635418B2318B21400CF7120 /* CountryCode.storyboard */; };
		C63541912318BBD800CF7120 /* Category.storyboard in Resources */ = {isa = PBXBuildFile; fileRef = C63541902318BBD800CF7120 /* Category.storyboard */; };
		C63541932318BBFE00CF7120 /* CategoryViewController.swift in Sources */ = {isa = PBXBuildFile; fileRef = C63541922318BBFE00CF7120 /* CategoryViewController.swift */; };
		C6425A8C23154476008D21B1 /* AppDelegate.swift in Sources */ = {isa = PBXBuildFile; fileRef = C6425A8B23154476008D21B1 /* AppDelegate.swift */; };
		C6425A8E23154476008D21B1 /* MainViewController.swift in Sources */ = {isa = PBXBuildFile; fileRef = C6425A8D23154476008D21B1 /* MainViewController.swift */; };
		C6425A9123154476008D21B1 /* Main.storyboard in Resources */ = {isa = PBXBuildFile; fileRef = C6425A8F23154476008D21B1 /* Main.storyboard */; };
		C6425A9423154476008D21B1 /* Nosnews.xcdatamodeld in Sources */ = {isa = PBXBuildFile; fileRef = C6425A9223154476008D21B1 /* Nosnews.xcdatamodeld */; };
		C6425A9623154478008D21B1 /* Assets.xcassets in Resources */ = {isa = PBXBuildFile; fileRef = C6425A9523154478008D21B1 /* Assets.xcassets */; };
		C6425A9923154478008D21B1 /* LaunchScreen.storyboard in Resources */ = {isa = PBXBuildFile; fileRef = C6425A9723154478008D21B1 /* LaunchScreen.storyboard */; };
		C6425AAC231550E2008D21B1 /* NunitoSans-Italic.ttf in Resources */ = {isa = PBXBuildFile; fileRef = C6425AA8231550E2008D21B1 /* NunitoSans-Italic.ttf */; };
		C6425AAD231550E2008D21B1 /* NunitoSans-BoldItalic.ttf in Resources */ = {isa = PBXBuildFile; fileRef = C6425AA9231550E2008D21B1 /* NunitoSans-BoldItalic.ttf */; };
		C6425AAE231550E2008D21B1 /* NunitoSans-Regular.ttf in Resources */ = {isa = PBXBuildFile; fileRef = C6425AAA231550E2008D21B1 /* NunitoSans-Regular.ttf */; };
		C6425AAF231550E2008D21B1 /* NunitoSans-Bold.ttf in Resources */ = {isa = PBXBuildFile; fileRef = C6425AAB231550E2008D21B1 /* NunitoSans-Bold.ttf */; };
		C6425AB123155276008D21B1 /* LeadingToTrailingSegue.swift in Sources */ = {isa = PBXBuildFile; fileRef = C6425AB023155276008D21B1 /* LeadingToTrailingSegue.swift */; };
		C6425AB62315529B008D21B1 /* ALCustomView.swift in Sources */ = {isa = PBXBuildFile; fileRef = C6425AB22315529B008D21B1 /* ALCustomView.swift */; };
		C6425AB72315529B008D21B1 /* ALProgressIndicatorView.swift in Sources */ = {isa = PBXBuildFile; fileRef = C6425AB32315529B008D21B1 /* ALProgressIndicatorView.swift */; };
		C6425AB82315529B008D21B1 /* ALRoundedTextField.swift in Sources */ = {isa = PBXBuildFile; fileRef = C6425AB42315529B008D21B1 /* ALRoundedTextField.swift */; };
		C6425AB92315529B008D21B1 /* ALRoundedButton.swift in Sources */ = {isa = PBXBuildFile; fileRef = C6425AB52315529B008D21B1 /* ALRoundedButton.swift */; };
		C6425ABC23155515008D21B1 /* News.swift in Sources */ = {isa = PBXBuildFile; fileRef = C6425ABB23155515008D21B1 /* News.swift */; };
		C6425ABE2315557B008D21B1 /* Article.swift in Sources */ = {isa = PBXBuildFile; fileRef = C6425ABD2315557B008D21B1 /* Article.swift */; };
		C6425AC023155593008D21B1 /* ArticleSource.swift in Sources */ = {isa = PBXBuildFile; fileRef = C6425ABF23155593008D21B1 /* ArticleSource.swift */; };
		C6425AC2231564A9008D21B1 /* NewsService.swift in Sources */ = {isa = PBXBuildFile; fileRef = C6425AC1231564A9008D21B1 /* NewsService.swift */; };
		C6425AC6231569AF008D21B1 /* Resources.swift in Sources */ = {isa = PBXBuildFile; fileRef = C6425AC5231569AF008D21B1 /* Resources.swift */; };
		C6425AC823157C4A008D21B1 /* NewsDataService.swift in Sources */ = {isa = PBXBuildFile; fileRef = C6425AC723157C4A008D21B1 /* NewsDataService.swift */; };
		C6425ACB23157FBB008D21B1 /* ViewModelState.swift in Sources */ = {isa = PBXBuildFile; fileRef = C6425ACA23157FBB008D21B1 /* ViewModelState.swift */; };
		C6425ACD23158067008D21B1 /* NewsViewModel.swift in Sources */ = {isa = PBXBuildFile; fileRef = C6425ACC23158067008D21B1 /* NewsViewModel.swift */; };
		C6425AD02315EE73008D21B1 /* UIViewController+Alert.swift in Sources */ = {isa = PBXBuildFile; fileRef = C6425ACF2315EE73008D21B1 /* UIViewController+Alert.swift */; };
		C6425AD32315F125008D21B1 /* ArticleTableViewCell.swift in Sources */ = {isa = PBXBuildFile; fileRef = C6425AD22315F125008D21B1 /* ArticleTableViewCell.swift */; };
		C6425AD62315F600008D21B1 /* ArticleViewController.swift in Sources */ = {isa = PBXBuildFile; fileRef = C6425AD52315F600008D21B1 /* ArticleViewController.swift */; };
		C6425AD82315F609008D21B1 /* Article.storyboard in Resources */ = {isa = PBXBuildFile; fileRef = C6425AD72315F609008D21B1 /* Article.storyboard */; };
		C6425ADC2315F930008D21B1 /* NetworkLoggerPlugin.swift in Sources */ = {isa = PBXBuildFile; fileRef = C6425ADB2315F930008D21B1 /* NetworkLoggerPlugin.swift */; };
/* End PBXBuildFile section */

/* Begin PBXFileReference section */
		C00B974A3EE31B2C158163D8 /* Pods-Nosnews.release.xcconfig */ = {isa = PBXFileReference; includeInIndex = 1; lastKnownFileType = text.xcconfig; name = "Pods-Nosnews.release.xcconfig"; path = "Target Support Files/Pods-Nosnews/Pods-Nosnews.release.xcconfig"; sourceTree = "<group>"; };
		C6354180231804DE00CF7120 /* Constant.swift */ = {isa = PBXFileReference; lastKnownFileType = sourcecode.swift; path = Constant.swift; sourceTree = "<group>"; };
		C635418523180A9300CF7120 /* NewsPreferences.swift */ = {isa = PBXFileReference; lastKnownFileType = sourcecode.swift; path = NewsPreferences.swift; sourceTree = "<group>"; };
		C63541882318AA6100CF7120 /* CountryCodeViewController.swift */ = {isa = PBXFileReference; lastKnownFileType = sourcecode.swift; name = CountryCodeViewController.swift; path = ../Main/CountryCodeViewController.swift; sourceTree = "<group>"; };
		C635418B2318B21400CF7120 /* CountryCode.storyboard */ = {isa = PBXFileReference; lastKnownFileType = file.storyboard; path = CountryCode.storyboard; sourceTree = "<group>"; };
		C63541902318BBD800CF7120 /* Category.storyboard */ = {isa = PBXFileReference; lastKnownFileType = file.storyboard; path = Category.storyboard; sourceTree = "<group>"; };
		C63541922318BBFE00CF7120 /* CategoryViewController.swift */ = {isa = PBXFileReference; lastKnownFileType = sourcecode.swift; path = CategoryViewController.swift; sourceTree = "<group>"; };
		C6425A8823154476008D21B1 /* Nosnews.app */ = {isa = PBXFileReference; explicitFileType = wrapper.application; includeInIndex = 0; path = Nosnews.app; sourceTree = BUILT_PRODUCTS_DIR; };
		C6425A8B23154476008D21B1 /* AppDelegate.swift */ = {isa = PBXFileReference; lastKnownFileType = sourcecode.swift; path = AppDelegate.swift; sourceTree = "<group>"; };
		C6425A8D23154476008D21B1 /* MainViewController.swift */ = {isa = PBXFileReference; lastKnownFileType = sourcecode.swift; path = MainViewController.swift; sourceTree = "<group>"; };
		C6425A9023154476008D21B1 /* Base */ = {isa = PBXFileReference; lastKnownFileType = file.storyboard; name = Base; path = Base.lproj/Main.storyboard; sourceTree = "<group>"; };
		C6425A9323154476008D21B1 /* Nosnews.xcdatamodel */ = {isa = PBXFileReference; lastKnownFileType = wrapper.xcdatamodel; path = Nosnews.xcdatamodel; sourceTree = "<group>"; };
		C6425A9523154478008D21B1 /* Assets.xcassets */ = {isa = PBXFileReference; lastKnownFileType = folder.assetcatalog; path = Assets.xcassets; sourceTree = "<group>"; };
		C6425A9823154478008D21B1 /* Base */ = {isa = PBXFileReference; lastKnownFileType = file.storyboard; name = Base; path = Base.lproj/LaunchScreen.storyboard; sourceTree = "<group>"; };
		C6425A9A23154478008D21B1 /* Info.plist */ = {isa = PBXFileReference; lastKnownFileType = text.plist.xml; path = Info.plist; sourceTree = "<group>"; };
		C6425AA8231550E2008D21B1 /* NunitoSans-Italic.ttf */ = {isa = PBXFileReference; lastKnownFileType = file; path = "NunitoSans-Italic.ttf"; sourceTree = "<group>"; };
		C6425AA9231550E2008D21B1 /* NunitoSans-BoldItalic.ttf */ = {isa = PBXFileReference; lastKnownFileType = file; path = "NunitoSans-BoldItalic.ttf"; sourceTree = "<group>"; };
		C6425AAA231550E2008D21B1 /* NunitoSans-Regular.ttf */ = {isa = PBXFileReference; lastKnownFileType = file; path = "NunitoSans-Regular.ttf"; sourceTree = "<group>"; };
		C6425AAB231550E2008D21B1 /* NunitoSans-Bold.ttf */ = {isa = PBXFileReference; lastKnownFileType = file; path = "NunitoSans-Bold.ttf"; sourceTree = "<group>"; };
		C6425AB023155276008D21B1 /* LeadingToTrailingSegue.swift */ = {isa = PBXFileReference; fileEncoding = 4; lastKnownFileType = sourcecode.swift; path = LeadingToTrailingSegue.swift; sourceTree = "<group>"; };
		C6425AB22315529B008D21B1 /* ALCustomView.swift */ = {isa = PBXFileReference; fileEncoding = 4; lastKnownFileType = sourcecode.swift; name = ALCustomView.swift; path = ../ALCustomView.swift; sourceTree = "<group>"; };
		C6425AB32315529B008D21B1 /* ALProgressIndicatorView.swift */ = {isa = PBXFileReference; fileEncoding = 4; lastKnownFileType = sourcecode.swift; path = ALProgressIndicatorView.swift; sourceTree = "<group>"; };
		C6425AB42315529B008D21B1 /* ALRoundedTextField.swift */ = {isa = PBXFileReference; fileEncoding = 4; lastKnownFileType = sourcecode.swift; path = ALRoundedTextField.swift; sourceTree = "<group>"; };
		C6425AB52315529B008D21B1 /* ALRoundedButton.swift */ = {isa = PBXFileReference; fileEncoding = 4; lastKnownFileType = sourcecode.swift; path = ALRoundedButton.swift; sourceTree = "<group>"; };
		C6425ABB23155515008D21B1 /* News.swift */ = {isa = PBXFileReference; lastKnownFileType = sourcecode.swift; path = News.swift; sourceTree = "<group>"; };
		C6425ABD2315557B008D21B1 /* Article.swift */ = {isa = PBXFileReference; lastKnownFileType = sourcecode.swift; path = Article.swift; sourceTree = "<group>"; };
		C6425ABF23155593008D21B1 /* ArticleSource.swift */ = {isa = PBXFileReference; lastKnownFileType = sourcecode.swift; path = ArticleSource.swift; sourceTree = "<group>"; };
		C6425AC1231564A9008D21B1 /* NewsService.swift */ = {isa = PBXFileReference; lastKnownFileType = sourcecode.swift; path = NewsService.swift; sourceTree = "<group>"; };
		C6425AC5231569AF008D21B1 /* Resources.swift */ = {isa = PBXFileReference; lastKnownFileType = sourcecode.swift; path = Resources.swift; sourceTree = "<group>"; };
		C6425AC723157C4A008D21B1 /* NewsDataService.swift */ = {isa = PBXFileReference; lastKnownFileType = sourcecode.swift; path = NewsDataService.swift; sourceTree = "<group>"; };
		C6425ACA23157FBB008D21B1 /* ViewModelState.swift */ = {isa = PBXFileReference; lastKnownFileType = sourcecode.swift; path = ViewModelState.swift; sourceTree = "<group>"; };
		C6425ACC23158067008D21B1 /* NewsViewModel.swift */ = {isa = PBXFileReference; lastKnownFileType = sourcecode.swift; path = NewsViewModel.swift; sourceTree = "<group>"; };
		C6425ACF2315EE73008D21B1 /* UIViewController+Alert.swift */ = {isa = PBXFileReference; lastKnownFileType = sourcecode.swift; path = "UIViewController+Alert.swift"; sourceTree = "<group>"; };
		C6425AD22315F125008D21B1 /* ArticleTableViewCell.swift */ = {isa = PBXFileReference; lastKnownFileType = sourcecode.swift; path = ArticleTableViewCell.swift; sourceTree = "<group>"; };
		C6425AD52315F600008D21B1 /* ArticleViewController.swift */ = {isa = PBXFileReference; lastKnownFileType = sourcecode.swift; path = ArticleViewController.swift; sourceTree = "<group>"; };
		C6425AD72315F609008D21B1 /* Article.storyboard */ = {isa = PBXFileReference; lastKnownFileType = file.storyboard; path = Article.storyboard; sourceTree = "<group>"; };
		C6425ADB2315F930008D21B1 /* NetworkLoggerPlugin.swift */ = {isa = PBXFileReference; lastKnownFileType = sourcecode.swift; path = NetworkLoggerPlugin.swift; sourceTree = "<group>"; };
		CB497BE408C04FB95FD92C94 /* Pods_Nosnews.framework */ = {isa = PBXFileReference; explicitFileType = wrapper.framework; includeInIndex = 0; path = Pods_Nosnews.framework; sourceTree = BUILT_PRODUCTS_DIR; };
		DDC027983B18BC62C7B106DC /* Pods-Nosnews.debug.xcconfig */ = {isa = PBXFileReference; includeInIndex = 1; lastKnownFileType = text.xcconfig; name = "Pods-Nosnews.debug.xcconfig"; path = "Target Support Files/Pods-Nosnews/Pods-Nosnews.debug.xcconfig"; sourceTree = "<group>"; };
/* End PBXFileReference section */

/* Begin PBXFrameworksBuildPhase section */
		C6425A8523154476008D21B1 /* Frameworks */ = {
			isa = PBXFrameworksBuildPhase;
			buildActionMask = 2147483647;
			files = (
				10F40D1E3BCDE986C232C6D1 /* Pods_Nosnews.framework in Frameworks */,
			);
			runOnlyForDeploymentPostprocessing = 0;
		};
/* End PBXFrameworksBuildPhase section */

/* Begin PBXGroup section */
		375C14B10CEFB143241FDC00 /* Pods */ = {
			isa = PBXGroup;
			children = (
				DDC027983B18BC62C7B106DC /* Pods-Nosnews.debug.xcconfig */,
				C00B974A3EE31B2C158163D8 /* Pods-Nosnews.release.xcconfig */,
			);
			path = Pods;
			sourceTree = "<group>";
		};
		52E343EC2A5A98CEE30DA26D /* Frameworks */ = {
			isa = PBXGroup;
			children = (
				CB497BE408C04FB95FD92C94 /* Pods_Nosnews.framework */,
			);
			name = Frameworks;
			sourceTree = "<group>";
		};
		C635417F2318041400CF7120 /* Constant */ = {
			isa = PBXGroup;
			children = (
				C6425AC5231569AF008D21B1 /* Resources.swift */,
				C6354180231804DE00CF7120 /* Constant.swift */,
			);
			path = Constant;
			sourceTree = "<group>";
		};
		C635418223180A3D00CF7120 /* Service */ = {
			isa = PBXGroup;
			children = (
				C6425AC1231564A9008D21B1 /* NewsService.swift */,
				C6425AC723157C4A008D21B1 /* NewsDataService.swift */,
			);
			path = Service;
			sourceTree = "<group>";
		};
		C635418323180A4700CF7120 /* Model */ = {
			isa = PBXGroup;
			children = (
				C6425AC423156828008D21B1 /* Article */,
				C6425AC323156818008D21B1 /* News */,
			);
			path = Model;
			sourceTree = "<group>";
		};
		C635418423180A5800CF7120 /* Preferences */ = {
			isa = PBXGroup;
			children = (
				C635418523180A9300CF7120 /* NewsPreferences.swift */,
			);
			path = Preferences;
			sourceTree = "<group>";
		};
		C63541872318A32E00CF7120 /* View */ = {
			isa = PBXGroup;
			children = (
				C6425AB22315529B008D21B1 /* ALCustomView.swift */,
				C6425AB32315529B008D21B1 /* ALProgressIndicatorView.swift */,
				C6425AB52315529B008D21B1 /* ALRoundedButton.swift */,
				C6425AB42315529B008D21B1 /* ALRoundedTextField.swift */,
				C6425AB023155276008D21B1 /* LeadingToTrailingSegue.swift */,
			);
			path = View;
			sourceTree = "<group>";
		};
		C635418A2318B1FD00CF7120 /* CountryCode */ = {
			isa = PBXGroup;
			children = (
				C635418B2318B21400CF7120 /* CountryCode.storyboard */,
				C63541882318AA6100CF7120 /* CountryCodeViewController.swift */,
			);
			path = CountryCode;
			sourceTree = "<group>";
		};
		C635418F2318BBCA00CF7120 /* Category */ = {
			isa = PBXGroup;
			children = (
				C63541902318BBD800CF7120 /* Category.storyboard */,
				C63541922318BBFE00CF7120 /* CategoryViewController.swift */,
			);
			path = Category;
			sourceTree = "<group>";
		};
		C6425A7F23154476008D21B1 = {
			isa = PBXGroup;
			children = (
				C6425A8A23154476008D21B1 /* Nosnews */,
				C6425A8923154476008D21B1 /* Products */,
				375C14B10CEFB143241FDC00 /* Pods */,
				52E343EC2A5A98CEE30DA26D /* Frameworks */,
			);
			sourceTree = "<group>";
		};
		C6425A8923154476008D21B1 /* Products */ = {
			isa = PBXGroup;
			children = (
				C6425A8823154476008D21B1 /* Nosnews.app */,
			);
			name = Products;
			sourceTree = "<group>";
		};
		C6425A8A23154476008D21B1 /* Nosnews */ = {
			isa = PBXGroup;
			children = (
				C6425AD12315F10F008D21B1 /* TableCell */,
				C6425ABA231554D3008D21B1 /* Data */,
				C6425AC923157FA8008D21B1 /* ViewModel */,
				C6425AD92315F614008D21B1 /* View */,
				C6425AA223154E91008D21B1 /* Utils */,
				C6425AA7231550A6008D21B1 /* Font */,
				C6425A8B23154476008D21B1 /* AppDelegate.swift */,
				C6425A9523154478008D21B1 /* Assets.xcassets */,
				C6425A9A23154478008D21B1 /* Info.plist */,
				C6425A9223154476008D21B1 /* Nosnews.xcdatamodeld */,
			);
			path = Nosnews;
			sourceTree = "<group>";
		};
		C6425AA023154B30008D21B1 /* Launch */ = {
			isa = PBXGroup;
			children = (
				C6425A9723154478008D21B1 /* LaunchScreen.storyboard */,
			);
			path = Launch;
			sourceTree = "<group>";
		};
		C6425AA123154B3A008D21B1 /* Main */ = {
			isa = PBXGroup;
			children = (
				C6425A8F23154476008D21B1 /* Main.storyboard */,
				C6425A8D23154476008D21B1 /* MainViewController.swift */,
			);
			path = Main;
			sourceTree = "<group>";
		};
		C6425AA223154E91008D21B1 /* Utils */ = {
			isa = PBXGroup;
			children = (
				C635417F2318041400CF7120 /* Constant */,
				C6425ACE2315EE59008D21B1 /* Extension */,
				C6425ADA2315F920008D21B1 /* Network */,
				C63541872318A32E00CF7120 /* View */,
			);
			path = Utils;
			sourceTree = "<group>";
		};
		C6425AA7231550A6008D21B1 /* Font */ = {
			isa = PBXGroup;
			children = (
				C6425AAB231550E2008D21B1 /* NunitoSans-Bold.ttf */,
				C6425AA9231550E2008D21B1 /* NunitoSans-BoldItalic.ttf */,
				C6425AA8231550E2008D21B1 /* NunitoSans-Italic.ttf */,
				C6425AAA231550E2008D21B1 /* NunitoSans-Regular.ttf */,
			);
			path = Font;
			sourceTree = "<group>";
		};
		C6425ABA231554D3008D21B1 /* Data */ = {
			isa = PBXGroup;
			children = (
				C635418323180A4700CF7120 /* Model */,
				C635418223180A3D00CF7120 /* Service */,
				C635418423180A5800CF7120 /* Preferences */,
			);
			path = Data;
			sourceTree = "<group>";
		};
		C6425AC323156818008D21B1 /* News */ = {
			isa = PBXGroup;
			children = (
				C6425ABB23155515008D21B1 /* News.swift */,
			);
			path = News;
			sourceTree = "<group>";
		};
		C6425AC423156828008D21B1 /* Article */ = {
			isa = PBXGroup;
			children = (
				C6425ABD2315557B008D21B1 /* Article.swift */,
				C6425ABF23155593008D21B1 /* ArticleSource.swift */,
			);
			path = Article;
			sourceTree = "<group>";
		};
		C6425AC923157FA8008D21B1 /* ViewModel */ = {
			isa = PBXGroup;
			children = (
				C6425ACA23157FBB008D21B1 /* ViewModelState.swift */,
				C6425ACC23158067008D21B1 /* NewsViewModel.swift */,
			);
			path = ViewModel;
			sourceTree = "<group>";
		};
		C6425ACE2315EE59008D21B1 /* Extension */ = {
			isa = PBXGroup;
			children = (
				C6425ACF2315EE73008D21B1 /* UIViewController+Alert.swift */,
			);
			path = Extension;
			sourceTree = "<group>";
		};
		C6425AD12315F10F008D21B1 /* TableCell */ = {
			isa = PBXGroup;
			children = (
				C6425AD22315F125008D21B1 /* ArticleTableViewCell.swift */,
			);
			path = TableCell;
			sourceTree = "<group>";
		};
		C6425AD42315F5EE008D21B1 /* Article */ = {
			isa = PBXGroup;
			children = (
				C6425AD72315F609008D21B1 /* Article.storyboard */,
				C6425AD52315F600008D21B1 /* ArticleViewController.swift */,
			);
			path = Article;
			sourceTree = "<group>";
		};
		C6425AD92315F614008D21B1 /* View */ = {
			isa = PBXGroup;
			children = (
				C6425AD42315F5EE008D21B1 /* Article */,
				C635418F2318BBCA00CF7120 /* Category */,
				C635418A2318B1FD00CF7120 /* CountryCode */,
				C6425AA123154B3A008D21B1 /* Main */,
				C6425AA023154B30008D21B1 /* Launch */,
			);
			path = View;
			sourceTree = "<group>";
		};
		C6425ADA2315F920008D21B1 /* Network */ = {
			isa = PBXGroup;
			children = (
				C6425ADB2315F930008D21B1 /* NetworkLoggerPlugin.swift */,
			);
			path = Network;
			sourceTree = "<group>";
		};
/* End PBXGroup section */

/* Begin PBXNativeTarget section */
		C6425A8723154476008D21B1 /* Nosnews */ = {
			isa = PBXNativeTarget;
			buildConfigurationList = C6425A9D23154478008D21B1 /* Build configuration list for PBXNativeTarget "Nosnews" */;
			buildPhases = (
				E3586CC68158B92153E09046 /* [CP] Check Pods Manifest.lock */,
				C6425A8423154476008D21B1 /* Sources */,
				C6425A8523154476008D21B1 /* Frameworks */,
				C6425A8623154476008D21B1 /* Resources */,
				25C4797C8E4752D3A2216ED9 /* [CP] Embed Pods Frameworks */,
			);
			buildRules = (
			);
			dependencies = (
			);
			name = Nosnews;
			productName = Nosnews;
			productReference = C6425A8823154476008D21B1 /* Nosnews.app */;
			productType = "com.apple.product-type.application";
		};
/* End PBXNativeTarget section */

/* Begin PBXProject section */
		C6425A8023154476008D21B1 /* Project object */ = {
			isa = PBXProject;
			attributes = {
				LastSwiftUpdateCheck = 1030;
				LastUpgradeCheck = 1030;
				ORGANIZATIONNAME = "Ayo Development";
				TargetAttributes = {
					C6425A8723154476008D21B1 = {
						CreatedOnToolsVersion = 10.3;
					};
				};
			};
			buildConfigurationList = C6425A8323154476008D21B1 /* Build configuration list for PBXProject "Nosnews" */;
			compatibilityVersion = "Xcode 9.3";
			developmentRegion = en;
			hasScannedForEncodings = 0;
			knownRegions = (
				en,
				Base,
			);
			mainGroup = C6425A7F23154476008D21B1;
			productRefGroup = C6425A8923154476008D21B1 /* Products */;
			projectDirPath = "";
			projectRoot = "";
			targets = (
				C6425A8723154476008D21B1 /* Nosnews */,
			);
		};
/* End PBXProject section */

/* Begin PBXResourcesBuildPhase section */
		C6425A8623154476008D21B1 /* Resources */ = {
			isa = PBXResourcesBuildPhase;
			buildActionMask = 2147483647;
			files = (
				C63541912318BBD800CF7120 /* Category.storyboard in Resources */,
				C6425A9923154478008D21B1 /* LaunchScreen.storyboard in Resources */,
				C6425AAD231550E2008D21B1 /* NunitoSans-BoldItalic.ttf in Resources */,
				C6425AAE231550E2008D21B1 /* NunitoSans-Regular.ttf in Resources */,
				C6425AAC231550E2008D21B1 /* NunitoSans-Italic.ttf in Resources */,
				C6425A9623154478008D21B1 /* Assets.xcassets in Resources */,
				C635418C2318B21400CF7120 /* CountryCode.storyboard in Resources */,
				C6425A9123154476008D21B1 /* Main.storyboard in Resources */,
				C6425AD82315F609008D21B1 /* Article.storyboard in Resources */,
				C6425AAF231550E2008D21B1 /* NunitoSans-Bold.ttf in Resources */,
			);
			runOnlyForDeploymentPostprocessing = 0;
		};
/* End PBXResourcesBuildPhase section */

/* Begin PBXShellScriptBuildPhase section */
		25C4797C8E4752D3A2216ED9 /* [CP] Embed Pods Frameworks */ = {
			isa = PBXShellScriptBuildPhase;
			buildActionMask = 2147483647;
			files = (
			);
			inputFileListPaths = (
				"${PODS_ROOT}/Target Support Files/Pods-Nosnews/Pods-Nosnews-frameworks-${CONFIGURATION}-input-files.xcfilelist",
			);
			name = "[CP] Embed Pods Frameworks";
			outputFileListPaths = (
				"${PODS_ROOT}/Target Support Files/Pods-Nosnews/Pods-Nosnews-frameworks-${CONFIGURATION}-output-files.xcfilelist",
			);
			runOnlyForDeploymentPostprocessing = 0;
			shellPath = /bin/sh;
			shellScript = "\"${PODS_ROOT}/Target Support Files/Pods-Nosnews/Pods-Nosnews-frameworks.sh\"\n";
			showEnvVarsInLog = 0;
		};
		E3586CC68158B92153E09046 /* [CP] Check Pods Manifest.lock */ = {
			isa = PBXShellScriptBuildPhase;
			buildActionMask = 2147483647;
			files = (
			);
			inputFileListPaths = (
			);
			inputPaths = (
				"${PODS_PODFILE_DIR_PATH}/Podfile.lock",
				"${PODS_ROOT}/Manifest.lock",
			);
			name = "[CP] Check Pods Manifest.lock";
			outputFileListPaths = (
			);
			outputPaths = (
				"$(DERIVED_FILE_DIR)/Pods-Nosnews-checkManifestLockResult.txt",
			);
			runOnlyForDeploymentPostprocessing = 0;
			shellPath = /bin/sh;
			shellScript = "diff \"${PODS_PODFILE_DIR_PATH}/Podfile.lock\" \"${PODS_ROOT}/Manifest.lock\" > /dev/null\nif [ $? != 0 ] ; then\n    # print error to STDERR\n    echo \"error: The sandbox is not in sync with the Podfile.lock. Run 'pod install' or update your CocoaPods installation.\" >&2\n    exit 1\nfi\n# This output is used by Xcode 'outputs' to avoid re-running this script phase.\necho \"SUCCESS\" > \"${SCRIPT_OUTPUT_FILE_0}\"\n";
			showEnvVarsInLog = 0;
		};
/* End PBXShellScriptBuildPhase section */

/* Begin PBXSourcesBuildPhase section */
		C6425A8423154476008D21B1 /* Sources */ = {
			isa = PBXSourcesBuildPhase;
			buildActionMask = 2147483647;
			files = (
				C6425ABE2315557B008D21B1 /* Article.swift in Sources */,
				C6425AB62315529B008D21B1 /* ALCustomView.swift in Sources */,
				C6425AB72315529B008D21B1 /* ALProgressIndicatorView.swift in Sources */,
				C6425AB82315529B008D21B1 /* ALRoundedTextField.swift in Sources */,
				C63541932318BBFE00CF7120 /* CategoryViewController.swift in Sources */,
				C635418623180A9300CF7120 /* NewsPreferences.swift in Sources */,
				C6425A8E23154476008D21B1 /* MainViewController.swift in Sources */,
				C6425AC823157C4A008D21B1 /* NewsDataService.swift in Sources */,
				C6425AB92315529B008D21B1 /* ALRoundedButton.swift in Sources */,
				C63541892318AA6100CF7120 /* CountryCodeViewController.swift in Sources */,
				C6425AD32315F125008D21B1 /* ArticleTableViewCell.swift in Sources */,
				C6425AC023155593008D21B1 /* ArticleSource.swift in Sources */,
				C6425AD02315EE73008D21B1 /* UIViewController+Alert.swift in Sources */,
				C6425ACD23158067008D21B1 /* NewsViewModel.swift in Sources */,
				C6425A8C23154476008D21B1 /* AppDelegate.swift in Sources */,
				C6425ADC2315F930008D21B1 /* NetworkLoggerPlugin.swift in Sources */,
				C6425AC6231569AF008D21B1 /* Resources.swift in Sources */,
				C6425AB123155276008D21B1 /* LeadingToTrailingSegue.swift in Sources */,
				C6425ACB23157FBB008D21B1 /* ViewModelState.swift in Sources */,
				C6425AC2231564A9008D21B1 /* NewsService.swift in Sources */,
				C6425AD62315F600008D21B1 /* ArticleViewController.swift in Sources */,
				C6354181231804DE00CF7120 /* Constant.swift in Sources */,
				C6425ABC23155515008D21B1 /* News.swift in Sources */,
				C6425A9423154476008D21B1 /* Nosnews.xcdatamodeld in Sources */,
			);
			runOnlyForDeploymentPostprocessing = 0;
		};
/* End PBXSourcesBuildPhase section */

/* Begin PBXVariantGroup section */
		C6425A8F23154476008D21B1 /* Main.storyboard */ = {
			isa = PBXVariantGroup;
			children = (
				C6425A9023154476008D21B1 /* Base */,
			);
			name = Main.storyboard;
			sourceTree = "<group>";
		};
		C6425A9723154478008D21B1 /* LaunchScreen.storyboard */ = {
			isa = PBXVariantGroup;
			children = (
				C6425A9823154478008D21B1 /* Base */,
			);
			name = LaunchScreen.storyboard;
			sourceTree = "<group>";
		};
/* End PBXVariantGroup section */

/* Begin XCBuildConfiguration section */
		C6425A9B23154478008D21B1 /* Debug */ = {
			isa = XCBuildConfiguration;
			buildSettings = {
				ALWAYS_SEARCH_USER_PATHS = NO;
				CLANG_ANALYZER_NONNULL = YES;
				CLANG_ANALYZER_NUMBER_OBJECT_CONVERSION = YES_AGGRESSIVE;
				CLANG_CXX_LANGUAGE_STANDARD = "gnu++14";
				CLANG_CXX_LIBRARY = "libc++";
				CLANG_ENABLE_MODULES = YES;
				CLANG_ENABLE_OBJC_ARC = YES;
				CLANG_ENABLE_OBJC_WEAK = YES;
				CLANG_WARN_BLOCK_CAPTURE_AUTORELEASING = YES;
				CLANG_WARN_BOOL_CONVERSION = YES;
				CLANG_WARN_COMMA = YES;
				CLANG_WARN_CONSTANT_CONVERSION = YES;
				CLANG_WARN_DEPRECATED_OBJC_IMPLEMENTATIONS = YES;
				CLANG_WARN_DIRECT_OBJC_ISA_USAGE = YES_ERROR;
				CLANG_WARN_DOCUMENTATION_COMMENTS = YES;
				CLANG_WARN_EMPTY_BODY = YES;
				CLANG_WARN_ENUM_CONVERSION = YES;
				CLANG_WARN_INFINITE_RECURSION = YES;
				CLANG_WARN_INT_CONVERSION = YES;
				CLANG_WARN_NON_LITERAL_NULL_CONVERSION = YES;
				CLANG_WARN_OBJC_IMPLICIT_RETAIN_SELF = YES;
				CLANG_WARN_OBJC_LITERAL_CONVERSION = YES;
				CLANG_WARN_OBJC_ROOT_CLASS = YES_ERROR;
				CLANG_WARN_RANGE_LOOP_ANALYSIS = YES;
				CLANG_WARN_STRICT_PROTOTYPES = YES;
				CLANG_WARN_SUSPICIOUS_MOVE = YES;
				CLANG_WARN_UNGUARDED_AVAILABILITY = YES_AGGRESSIVE;
				CLANG_WARN_UNREACHABLE_CODE = YES;
				CLANG_WARN__DUPLICATE_METHOD_MATCH = YES;
				CODE_SIGN_IDENTITY = "iPhone Developer";
				COPY_PHASE_STRIP = NO;
				DEBUG_INFORMATION_FORMAT = dwarf;
				ENABLE_STRICT_OBJC_MSGSEND = YES;
				ENABLE_TESTABILITY = YES;
				GCC_C_LANGUAGE_STANDARD = gnu11;
				GCC_DYNAMIC_NO_PIC = NO;
				GCC_NO_COMMON_BLOCKS = YES;
				GCC_OPTIMIZATION_LEVEL = 0;
				GCC_PREPROCESSOR_DEFINITIONS = (
					"DEBUG=1",
					"$(inherited)",
				);
				GCC_WARN_64_TO_32_BIT_CONVERSION = YES;
				GCC_WARN_ABOUT_RETURN_TYPE = YES_ERROR;
				GCC_WARN_UNDECLARED_SELECTOR = YES;
				GCC_WARN_UNINITIALIZED_AUTOS = YES_AGGRESSIVE;
				GCC_WARN_UNUSED_FUNCTION = YES;
				GCC_WARN_UNUSED_VARIABLE = YES;
				IPHONEOS_DEPLOYMENT_TARGET = 12.4;
				MTL_ENABLE_DEBUG_INFO = INCLUDE_SOURCE;
				MTL_FAST_MATH = YES;
				ONLY_ACTIVE_ARCH = YES;
				SDKROOT = iphoneos;
				SWIFT_ACTIVE_COMPILATION_CONDITIONS = DEBUG;
				SWIFT_OPTIMIZATION_LEVEL = "-Onone";
			};
			name = Debug;
		};
		C6425A9C23154478008D21B1 /* Release */ = {
			isa = XCBuildConfiguration;
			buildSettings = {
				ALWAYS_SEARCH_USER_PATHS = NO;
				CLANG_ANALYZER_NONNULL = YES;
				CLANG_ANALYZER_NUMBER_OBJECT_CONVERSION = YES_AGGRESSIVE;
				CLANG_CXX_LANGUAGE_STANDARD = "gnu++14";
				CLANG_CXX_LIBRARY = "libc++";
				CLANG_ENABLE_MODULES = YES;
				CLANG_ENABLE_OBJC_ARC = YES;
				CLANG_ENABLE_OBJC_WEAK = YES;
				CLANG_WARN_BLOCK_CAPTURE_AUTORELEASING = YES;
				CLANG_WARN_BOOL_CONVERSION = YES;
				CLANG_WARN_COMMA = YES;
				CLANG_WARN_CONSTANT_CONVERSION = YES;
				CLANG_WARN_DEPRECATED_OBJC_IMPLEMENTATIONS = YES;
				CLANG_WARN_DIRECT_OBJC_ISA_USAGE = YES_ERROR;
				CLANG_WARN_DOCUMENTATION_COMMENTS = YES;
				CLANG_WARN_EMPTY_BODY = YES;
				CLANG_WARN_ENUM_CONVERSION = YES;
				CLANG_WARN_INFINITE_RECURSION = YES;
				CLANG_WARN_INT_CONVERSION = YES;
				CLANG_WARN_NON_LITERAL_NULL_CONVERSION = YES;
				CLANG_WARN_OBJC_IMPLICIT_RETAIN_SELF = YES;
				CLANG_WARN_OBJC_LITERAL_CONVERSION = YES;
				CLANG_WARN_OBJC_ROOT_CLASS = YES_ERROR;
				CLANG_WARN_RANGE_LOOP_ANALYSIS = YES;
				CLANG_WARN_STRICT_PROTOTYPES = YES;
				CLANG_WARN_SUSPICIOUS_MOVE = YES;
				CLANG_WARN_UNGUARDED_AVAILABILITY = YES_AGGRESSIVE;
				CLANG_WARN_UNREACHABLE_CODE = YES;
				CLANG_WARN__DUPLICATE_METHOD_MATCH = YES;
				CODE_SIGN_IDENTITY = "iPhone Developer";
				COPY_PHASE_STRIP = NO;
				DEBUG_INFORMATION_FORMAT = "dwarf-with-dsym";
				ENABLE_NS_ASSERTIONS = NO;
				ENABLE_STRICT_OBJC_MSGSEND = YES;
				GCC_C_LANGUAGE_STANDARD = gnu11;
				GCC_NO_COMMON_BLOCKS = YES;
				GCC_WARN_64_TO_32_BIT_CONVERSION = YES;
				GCC_WARN_ABOUT_RETURN_TYPE = YES_ERROR;
				GCC_WARN_UNDECLARED_SELECTOR = YES;
				GCC_WARN_UNINITIALIZED_AUTOS = YES_AGGRESSIVE;
				GCC_WARN_UNUSED_FUNCTION = YES;
				GCC_WARN_UNUSED_VARIABLE = YES;
				IPHONEOS_DEPLOYMENT_TARGET = 12.4;
				MTL_ENABLE_DEBUG_INFO = NO;
				MTL_FAST_MATH = YES;
				SDKROOT = iphoneos;
				SWIFT_COMPILATION_MODE = wholemodule;
				SWIFT_OPTIMIZATION_LEVEL = "-O";
				VALIDATE_PRODUCT = YES;
			};
			name = Release;
		};
		C6425A9E23154478008D21B1 /* Debug */ = {
			isa = XCBuildConfiguration;
			baseConfigurationReference = DDC027983B18BC62C7B106DC /* Pods-Nosnews.debug.xcconfig */;
			buildSettings = {
				ASSETCATALOG_COMPILER_APPICON_NAME = AppIcon;
				CODE_SIGN_STYLE = Automatic;
				DEVELOPMENT_TEAM = 5U7M39KWXM;
				INFOPLIST_FILE = Nosnews/Info.plist;
				IPHONEOS_DEPLOYMENT_TARGET = 9.0;
				LD_RUNPATH_SEARCH_PATHS = (
					"$(inherited)",
					"@executable_path/Frameworks",
				);
				PRODUCT_BUNDLE_IDENTIFIER = ayodev.Nosnews;
				PRODUCT_NAME = "$(TARGET_NAME)";
				SWIFT_VERSION = 5.0;
				TARGETED_DEVICE_FAMILY = 1;
			};
			name = Debug;
		};
		C6425A9F23154478008D21B1 /* Release */ = {
			isa = XCBuildConfiguration;
			baseConfigurationReference = C00B974A3EE31B2C158163D8 /* Pods-Nosnews.release.xcconfig */;
			buildSettings = {
				ASSETCATALOG_COMPILER_APPICON_NAME = AppIcon;
				CODE_SIGN_STYLE = Automatic;
				DEVELOPMENT_TEAM = 5U7M39KWXM;
				INFOPLIST_FILE = Nosnews/Info.plist;
				IPHONEOS_DEPLOYMENT_TARGET = 9.0;
				LD_RUNPATH_SEARCH_PATHS = (
					"$(inherited)",
					"@executable_path/Frameworks",
				);
				PRODUCT_BUNDLE_IDENTIFIER = ayodev.Nosnews;
				PRODUCT_NAME = "$(TARGET_NAME)";
				SWIFT_VERSION = 5.0;
				TARGETED_DEVICE_FAMILY = 1;
			};
			name = Release;
		};
/* End XCBuildConfiguration section */

/* Begin XCConfigurationList section */
		C6425A8323154476008D21B1 /* Build configuration list for PBXProject "Nosnews" */ = {
			isa = XCConfigurationList;
			buildConfigurations = (
				C6425A9B23154478008D21B1 /* Debug */,
				C6425A9C23154478008D21B1 /* Release */,
			);
			defaultConfigurationIsVisible = 0;
			defaultConfigurationName = Release;
		};
		C6425A9D23154478008D21B1 /* Build configuration list for PBXNativeTarget "Nosnews" */ = {
			isa = XCConfigurationList;
			buildConfigurations = (
				C6425A9E23154478008D21B1 /* Debug */,
				C6425A9F23154478008D21B1 /* Release */,
			);
			defaultConfigurationIsVisible = 0;
			defaultConfigurationName = Release;
		};
/* End XCConfigurationList section */

/* Begin XCVersionGroup section */
		C6425A9223154476008D21B1 /* Nosnews.xcdatamodeld */ = {
			isa = XCVersionGroup;
			children = (
				C6425A9323154476008D21B1 /* Nosnews.xcdatamodel */,
			);
			currentVersion = C6425A9323154476008D21B1 /* Nosnews.xcdatamodel */;
			path = Nosnews.xcdatamodeld;
			sourceTree = "<group>";
			versionGroupType = wrapper.xcdatamodel;
		};
/* End XCVersionGroup section */
	};
	rootObject = C6425A8023154476008D21B1 /* Project object */;
}
